// !$*UTF8*$!
{
	archiveVersion = 1;
	classes = {
	};
	objectVersion = 48;
	objects = {

/* Begin PBXBuildFile section */
		4935552E210CF027008FBBCE /* sysiocontroller.c in Sources */ = {isa = PBXBuildFile; fileRef = 4935552D210CF027008FBBCE /* sysiocontroller.c */; };
		4935553C210CFC84008FBBCE /* motionsensor.c in Sources */ = {isa = PBXBuildFile; fileRef = 49355538210CFC84008FBBCE /* motionsensor.c */; };
		4935553D210CFC84008FBBCE /* BNO080.c in Sources */ = {isa = PBXBuildFile; fileRef = 4935553B210CFC84008FBBCE /* BNO080.c */; };
		49BC136A210AD0130032B952 /* main.c in Sources */ = {isa = PBXBuildFile; fileRef = 49BC1369210AD0130032B952 /* main.c */; };
		49D6E925211138370079D283 /* shtp.c in Sources */ = {isa = PBXBuildFile; fileRef = 49D6E924211138370079D283 /* shtp.c */; };
/* End PBXBuildFile section */

/* Begin PBXCopyFilesBuildPhase section */
		49BC1364210AD0130032B952 /* CopyFiles */ = {
			isa = PBXCopyFilesBuildPhase;
			buildActionMask = 2147483647;
			dstPath = /usr/share/man/man1/;
			dstSubfolderSpec = 0;
			files = (
			);
			runOnlyForDeploymentPostprocessing = 1;
		};
/* End PBXCopyFilesBuildPhase section */

/* Begin PBXFileReference section */
		4935552C210CF027008FBBCE /* sysiocontroller.h */ = {isa = PBXFileReference; lastKnownFileType = sourcecode.c.h; path = sysiocontroller.h; sourceTree = "<group>"; };
		4935552D210CF027008FBBCE /* sysiocontroller.c */ = {isa = PBXFileReference; lastKnownFileType = sourcecode.c.c; path = sysiocontroller.c; sourceTree = "<group>"; };
		49355538210CFC84008FBBCE /* motionsensor.c */ = {isa = PBXFileReference; fileEncoding = 4; lastKnownFileType = sourcecode.c.c; path = motionsensor.c; sourceTree = "<group>"; };
		49355539210CFC84008FBBCE /* BNO080.h */ = {isa = PBXFileReference; fileEncoding = 4; lastKnownFileType = sourcecode.c.h; path = BNO080.h; sourceTree = "<group>"; };
		4935553A210CFC84008FBBCE /* motionsensor.h */ = {isa = PBXFileReference; fileEncoding = 4; lastKnownFileType = sourcecode.c.h; path = motionsensor.h; sourceTree = "<group>"; };
		4935553B210CFC84008FBBCE /* BNO080.c */ = {isa = PBXFileReference; fileEncoding = 4; lastKnownFileType = sourcecode.c.c; path = BNO080.c; sourceTree = "<group>"; };
		4935553E210D047D008FBBCE /* sh2.h */ = {isa = PBXFileReference; lastKnownFileType = sourcecode.c.h; path = sh2.h; sourceTree = "<group>"; };
		49480F322117855A00D3F45A /* spi_template.h */ = {isa = PBXFileReference; lastKnownFileType = sourcecode.c.h; path = spi_template.h; sourceTree = "<group>"; };
		49BC1366210AD0130032B952 /* sensors */ = {isa = PBXFileReference; explicitFileType = "compiled.mach-o.executable"; includeInIndex = 0; path = sensors; sourceTree = BUILT_PRODUCTS_DIR; };
		49BC1369210AD0130032B952 /* main.c */ = {isa = PBXFileReference; lastKnownFileType = sourcecode.c.c; path = main.c; sourceTree = "<group>"; };
		49BC138B210AD04D0032B952 /* CPT112S.h */ = {isa = PBXFileReference; fileEncoding = 4; lastKnownFileType = sourcecode.c.h; path = CPT112S.h; sourceTree = "<group>"; };
		49D6E923211138370079D283 /* shtp.h */ = {isa = PBXFileReference; lastKnownFileType = sourcecode.c.h; path = shtp.h; sourceTree = "<group>"; };
		49D6E924211138370079D283 /* shtp.c */ = {isa = PBXFileReference; lastKnownFileType = sourcecode.c.c; path = shtp.c; sourceTree = "<group>"; };
		49D6E9262113E1DA0079D283 /* timestamp.h */ = {isa = PBXFileReference; lastKnownFileType = sourcecode.c.h; path = timestamp.h; sourceTree = "<group>"; };
		49D6E9272113E7970079D283 /* global.h */ = {isa = PBXFileReference; lastKnownFileType = sourcecode.c.h; path = global.h; sourceTree = "<group>"; };
		49F1E91D210AD23000A68B37 /* STC3100IQT.h */ = {isa = PBXFileReference; lastKnownFileType = sourcecode.c.h; path = STC3100IQT.h; sourceTree = "<group>"; };
		49F1E91F210AD23000A68B37 /* batterymonitor.h */ = {isa = PBXFileReference; lastKnownFileType = sourcecode.c.h; path = batterymonitor.h; sourceTree = "<group>"; };
		49F1E926210AD84E00A68B37 /* i2c_template.h */ = {isa = PBXFileReference; lastKnownFileType = sourcecode.c.h; path = i2c_template.h; sourceTree = "<group>"; };
		49F1E927210BF67800A68B37 /* touchcontroller.h */ = {isa = PBXFileReference; lastKnownFileType = sourcecode.c.h; path = touchcontroller.h; sourceTree = "<group>"; };
/* End PBXFileReference section */

/* Begin PBXFrameworksBuildPhase section */
		49BC1363210AD0130032B952 /* Frameworks */ = {
			isa = PBXFrameworksBuildPhase;
			buildActionMask = 2147483647;
			files = (
			);
			runOnlyForDeploymentPostprocessing = 0;
		};
/* End PBXFrameworksBuildPhase section */

/* Begin PBXGroup section */
		4935552F210CF02B008FBBCE /* sysiocontroller */ = {
			isa = PBXGroup;
			children = (
				4935552C210CF027008FBBCE /* sysiocontroller.h */,
				4935552D210CF027008FBBCE /* sysiocontroller.c */,
			);
			path = sysiocontroller;
			sourceTree = "<group>";
		};
		49355537210CFC84008FBBCE /* motionsensor */ = {
			isa = PBXGroup;
			children = (
				4935553E210D047D008FBBCE /* sh2.h */,
				49D6E923211138370079D283 /* shtp.h */,
				49D6E924211138370079D283 /* shtp.c */,
				49355539210CFC84008FBBCE /* BNO080.h */,
				4935553B210CFC84008FBBCE /* BNO080.c */,
				4935553A210CFC84008FBBCE /* motionsensor.h */,
				49355538210CFC84008FBBCE /* motionsensor.c */,
			);
			path = motionsensor;
			sourceTree = "<group>";
		};
		49480F3321178BE500D3F45A /* system */ = {
			isa = PBXGroup;
			children = (
				49F1E926210AD84E00A68B37 /* i2c_template.h */,
				49480F322117855A00D3F45A /* spi_template.h */,
				49D6E9262113E1DA0079D283 /* timestamp.h */,
				49D6E9272113E7970079D283 /* global.h */,
			);
			name = system;
			path = System;
			sourceTree = "<group>";
		};
		49BC135D210AD0130032B952 = {
			isa = PBXGroup;
			children = (
				49BC1368210AD0130032B952 /* sensors */,
				49BC1367210AD0130032B952 /* Products */,
			);
			sourceTree = "<group>";
		};
		49BC1367210AD0130032B952 /* Products */ = {
			isa = PBXGroup;
			children = (
				49BC1366210AD0130032B952 /* sensors */,
			);
			name = Products;
			sourceTree = "<group>";
		};
		49BC1368210AD0130032B952 /* sensors */ = {
			isa = PBXGroup;
			children = (
				49BC1369210AD0130032B952 /* main.c */,
				49F1E920210AD23000A68B37 /* batterymonitor */,
				49355537210CFC84008FBBCE /* motionsensor */,
				4935552F210CF02B008FBBCE /* sysiocontroller */,
				49BC1385210AD04D0032B952 /* touchcontroller */,
				49480F3321178BE500D3F45A /* system */,
			);
			path = sensors;
			sourceTree = "<group>";
		};
		49BC1385210AD04D0032B952 /* touchcontroller */ = {
			isa = PBXGroup;
			children = (
				49BC138B210AD04D0032B952 /* CPT112S.h */,
				49F1E927210BF67800A68B37 /* touchcontroller.h */,
			);
			path = touchcontroller;
			sourceTree = "<group>";
		};
		49F1E920210AD23000A68B37 /* batterymonitor */ = {
			isa = PBXGroup;
			children = (
				49F1E91D210AD23000A68B37 /* STC3100IQT.h */,
				49F1E91F210AD23000A68B37 /* batterymonitor.h */,
			);
			name = batterymonitor;
			path = /Users/matthewfonken/Desktop/marbl/Techincal/combine/general/sensors/sensors/batterymonitor;
			sourceTree = "<absolute>";
		};
/* End PBXGroup section */

/* Begin PBXNativeTarget section */
		49BC1365210AD0130032B952 /* sensors */ = {
			isa = PBXNativeTarget;
			buildConfigurationList = 49BC136D210AD0130032B952 /* Build configuration list for PBXNativeTarget "sensors" */;
			buildPhases = (
				49BC1362210AD0130032B952 /* Sources */,
				49BC1363210AD0130032B952 /* Frameworks */,
				49BC1364210AD0130032B952 /* CopyFiles */,
			);
			buildRules = (
			);
			dependencies = (
			);
			name = sensors;
			productName = sensors;
			productReference = 49BC1366210AD0130032B952 /* sensors */;
			productType = "com.apple.product-type.tool";
		};
/* End PBXNativeTarget section */

/* Begin PBXProject section */
		49BC135E210AD0130032B952 /* Project object */ = {
			isa = PBXProject;
			attributes = {
				LastUpgradeCheck = 0920;
				ORGANIZATIONNAME = Marbl;
				TargetAttributes = {
					49BC1365210AD0130032B952 = {
						CreatedOnToolsVersion = 9.2;
						ProvisioningStyle = Automatic;
					};
				};
			};
			buildConfigurationList = 49BC1361210AD0130032B952 /* Build configuration list for PBXProject "sensors" */;
			compatibilityVersion = "Xcode 8.0";
			developmentRegion = en;
			hasScannedForEncodings = 0;
			knownRegions = (
				en,
			);
			mainGroup = 49BC135D210AD0130032B952;
			productRefGroup = 49BC1367210AD0130032B952 /* Products */;
			projectDirPath = "";
			projectRoot = "";
			targets = (
				49BC1365210AD0130032B952 /* sensors */,
			);
		};
/* End PBXProject section */

/* Begin PBXSourcesBuildPhase section */
		49BC1362210AD0130032B952 /* Sources */ = {
			isa = PBXSourcesBuildPhase;
			buildActionMask = 2147483647;
			files = (
				4935553D210CFC84008FBBCE /* BNO080.c in Sources */,
				4935553C210CFC84008FBBCE /* motionsensor.c in Sources */,
				49BC136A210AD0130032B952 /* main.c in Sources */,
				4935552E210CF027008FBBCE /* sysiocontroller.c in Sources */,
				49D6E925211138370079D283 /* shtp.c in Sources */,
			);
			runOnlyForDeploymentPostprocessing = 0;
		};
/* End PBXSourcesBuildPhase section */

/* Begin XCBuildConfiguration section */
		49BC136B210AD0130032B952 /* Debug */ = {
			isa = XCBuildConfiguration;
			buildSettings = {
				ALWAYS_SEARCH_USER_PATHS = NO;
				CLANG_ANALYZER_NONNULL = YES;
				CLANG_ANALYZER_NUMBER_OBJECT_CONVERSION = YES_AGGRESSIVE;
				CLANG_CXX_LANGUAGE_STANDARD = "gnu++14";
				CLANG_CXX_LIBRARY = "libc++";
				CLANG_ENABLE_MODULES = YES;
				CLANG_ENABLE_OBJC_ARC = YES;
				CLANG_WARN_BLOCK_CAPTURE_AUTORELEASING = YES;
				CLANG_WARN_BOOL_CONVERSION = YES;
				CLANG_WARN_COMMA = YES;
				CLANG_WARN_CONSTANT_CONVERSION = YES;
				CLANG_WARN_DIRECT_OBJC_ISA_USAGE = YES_ERROR;
				CLANG_WARN_DOCUMENTATION_COMMENTS = YES;
				CLANG_WARN_EMPTY_BODY = YES;
				CLANG_WARN_ENUM_CONVERSION = YES;
				CLANG_WARN_INFINITE_RECURSION = YES;
				CLANG_WARN_INT_CONVERSION = YES;
				CLANG_WARN_NON_LITERAL_NULL_CONVERSION = YES;
				CLANG_WARN_OBJC_LITERAL_CONVERSION = YES;
				CLANG_WARN_OBJC_ROOT_CLASS = YES_ERROR;
				CLANG_WARN_RANGE_LOOP_ANALYSIS = YES;
				CLANG_WARN_STRICT_PROTOTYPES = YES;
				CLANG_WARN_SUSPICIOUS_MOVE = YES;
				CLANG_WARN_UNGUARDED_AVAILABILITY = YES_AGGRESSIVE;
				CLANG_WARN_UNREACHABLE_CODE = YES;
				CLANG_WARN__DUPLICATE_METHOD_MATCH = YES;
				CODE_SIGN_IDENTITY = "Mac Developer";
				COPY_PHASE_STRIP = NO;
				DEBUG_INFORMATION_FORMAT = dwarf;
				ENABLE_STRICT_OBJC_MSGSEND = YES;
				ENABLE_TESTABILITY = YES;
				GCC_C_LANGUAGE_STANDARD = gnu11;
				GCC_DYNAMIC_NO_PIC = NO;
				GCC_NO_COMMON_BLOCKS = YES;
				GCC_OPTIMIZATION_LEVEL = 0;
				GCC_PREPROCESSOR_DEFINITIONS = (
					"DEBUG=1",
					"$(inherited)",
				);
				GCC_WARN_64_TO_32_BIT_CONVERSION = YES;
				GCC_WARN_ABOUT_RETURN_TYPE = YES_ERROR;
				GCC_WARN_UNDECLARED_SELECTOR = YES;
				GCC_WARN_UNINITIALIZED_AUTOS = YES_AGGRESSIVE;
				GCC_WARN_UNUSED_FUNCTION = YES;
				GCC_WARN_UNUSED_VARIABLE = YES;
				MACOSX_DEPLOYMENT_TARGET = 10.13;
				MTL_ENABLE_DEBUG_INFO = YES;
				ONLY_ACTIVE_ARCH = YES;
				SDKROOT = macosx;
			};
			name = Debug;
		};
		49BC136C210AD0130032B952 /* Release */ = {
			isa = XCBuildConfiguration;
			buildSettings = {
				ALWAYS_SEARCH_USER_PATHS = NO;
				CLANG_ANALYZER_NONNULL = YES;
				CLANG_ANALYZER_NUMBER_OBJECT_CONVERSION = YES_AGGRESSIVE;
				CLANG_CXX_LANGUAGE_STANDARD = "gnu++14";
				CLANG_CXX_LIBRARY = "libc++";
				CLANG_ENABLE_MODULES = YES;
				CLANG_ENABLE_OBJC_ARC = YES;
				CLANG_WARN_BLOCK_CAPTURE_AUTORELEASING = YES;
				CLANG_WARN_BOOL_CONVERSION = YES;
				CLANG_WARN_COMMA = YES;
				CLANG_WARN_CONSTANT_CONVERSION = YES;
				CLANG_WARN_DIRECT_OBJC_ISA_USAGE = YES_ERROR;
				CLANG_WARN_DOCUMENTATION_COMMENTS = YES;
				CLANG_WARN_EMPTY_BODY = YES;
				CLANG_WARN_ENUM_CONVERSION = YES;
				CLANG_WARN_INFINITE_RECURSION = YES;
				CLANG_WARN_INT_CONVERSION = YES;
				CLANG_WARN_NON_LITERAL_NULL_CONVERSION = YES;
				CLANG_WARN_OBJC_LITERAL_CONVERSION = YES;
				CLANG_WARN_OBJC_ROOT_CLASS = YES_ERROR;
				CLANG_WARN_RANGE_LOOP_ANALYSIS = YES;
				CLANG_WARN_STRICT_PROTOTYPES = YES;
				CLANG_WARN_SUSPICIOUS_MOVE = YES;
				CLANG_WARN_UNGUARDED_AVAILABILITY = YES_AGGRESSIVE;
				CLANG_WARN_UNREACHABLE_CODE = YES;
				CLANG_WARN__DUPLICATE_METHOD_MATCH = YES;
				CODE_SIGN_IDENTITY = "Mac Developer";
				COPY_PHASE_STRIP = NO;
				DEBUG_INFORMATION_FORMAT = "dwarf-with-dsym";
				ENABLE_NS_ASSERTIONS = NO;
				ENABLE_STRICT_OBJC_MSGSEND = YES;
				GCC_C_LANGUAGE_STANDARD = gnu11;
				GCC_NO_COMMON_BLOCKS = YES;
				GCC_WARN_64_TO_32_BIT_CONVERSION = YES;
				GCC_WARN_ABOUT_RETURN_TYPE = YES_ERROR;
				GCC_WARN_UNDECLARED_SELECTOR = YES;
				GCC_WARN_UNINITIALIZED_AUTOS = YES_AGGRESSIVE;
				GCC_WARN_UNUSED_FUNCTION = YES;
				GCC_WARN_UNUSED_VARIABLE = YES;
				MACOSX_DEPLOYMENT_TARGET = 10.13;
				MTL_ENABLE_DEBUG_INFO = NO;
				SDKROOT = macosx;
			};
			name = Release;
		};
		49BC136E210AD0130032B952 /* Debug */ = {
			isa = XCBuildConfiguration;
			buildSettings = {
				CODE_SIGN_STYLE = Automatic;
				DEVELOPMENT_TEAM = RAUFW7M7KN;
				PRODUCT_NAME = "$(TARGET_NAME)";
			};
			name = Debug;
		};
		49BC136F210AD0130032B952 /* Release */ = {
			isa = XCBuildConfiguration;
			buildSettings = {
				CODE_SIGN_STYLE = Automatic;
				DEVELOPMENT_TEAM = RAUFW7M7KN;
				PRODUCT_NAME = "$(TARGET_NAME)";
			};
			name = Release;
		};
/* End XCBuildConfiguration section */

/* Begin XCConfigurationList section */
		49BC1361210AD0130032B952 /* Build configuration list for PBXProject "sensors" */ = {
			isa = XCConfigurationList;
			buildConfigurations = (
				49BC136B210AD0130032B952 /* Debug */,
				49BC136C210AD0130032B952 /* Release */,
			);
			defaultConfigurationIsVisible = 0;
			defaultConfigurationName = Release;
		};
		49BC136D210AD0130032B952 /* Build configuration list for PBXNativeTarget "sensors" */ = {
			isa = XCConfigurationList;
			buildConfigurations = (
				49BC136E210AD0130032B952 /* Debug */,
				49BC136F210AD0130032B952 /* Release */,
			);
			defaultConfigurationIsVisible = 0;
			defaultConfigurationName = Release;
		};
/* End XCConfigurationList section */
	};
	rootObject = 49BC135E210AD0130032B952 /* Project object */;
}
