// !$*UTF8*$!
{
	archiveVersion = 1;
	classes = {
	};
	objectVersion = 48;
	objects = {

/* Begin PBXBuildFile section */
		4941CC93212E7D3300A95CCE /* systemhandlers.c in Sources */ = {isa = PBXBuildFile; fileRef = 4941CC92212E7D3300A95CCE /* systemhandlers.c */; };
		4948103B2117974400D3F45A /* main.c in Sources */ = {isa = PBXBuildFile; fileRef = 4948103A2117974400D3F45A /* main.c */; };
		494810692117975A00D3F45A /* sysiocontroller.c in Sources */ = {isa = PBXBuildFile; fileRef = 494810582117975A00D3F45A /* sysiocontroller.c */; };
		4948106B2117975A00D3F45A /* motionsensor.c in Sources */ = {isa = PBXBuildFile; fileRef = 4948105C2117975A00D3F45A /* motionsensor.c */; };
		4948106C2117975A00D3F45A /* shtp.c in Sources */ = {isa = PBXBuildFile; fileRef = 494810612117975A00D3F45A /* shtp.c */; };
		4948106D2117975A00D3F45A /* BNO080.c in Sources */ = {isa = PBXBuildFile; fileRef = 494810622117975A00D3F45A /* BNO080.c */; };
		49485D8D2117CC3300D3F45A /* rho_client.c in Sources */ = {isa = PBXBuildFile; fileRef = 49485D8C2117CC3300D3F45A /* rho_client.c */; };
		49A17FAE211FF6C000F920CE /* systembehavior.c in Sources */ = {isa = PBXBuildFile; fileRef = 49A17FAD211FF6C000F920CE /* systembehavior.c */; };
		49A55F002128CCC70087AF74 /* kalman.c in Sources */ = {isa = PBXBuildFile; fileRef = 49A55EF02128CCC70087AF74 /* kalman.c */; };
		49A55F022128CCC70087AF74 /* kinetic.c in Sources */ = {isa = PBXBuildFile; fileRef = 49A55EF52128CCC70087AF74 /* kinetic.c */; };
		49A55F042128CCC70087AF74 /* vector.c in Sources */ = {isa = PBXBuildFile; fileRef = 49A55EFA2128CCC70087AF74 /* vector.c */; };
		49A55F052128CCC70087AF74 /* point.c in Sources */ = {isa = PBXBuildFile; fileRef = 49A55EFD2128CCC70087AF74 /* point.c */; };
		49A55F062128CCC70087AF74 /* quaternion.c in Sources */ = {isa = PBXBuildFile; fileRef = 49A55EFF2128CCC70087AF74 /* quaternion.c */; };
		49BD147021225B15002FDB6A /* communicationmanager.c in Sources */ = {isa = PBXBuildFile; fileRef = 49BD146F21225B15002FDB6A /* communicationmanager.c */; };
		49BD147321225BA6002FDB6A /* taumanager.c in Sources */ = {isa = PBXBuildFile; fileRef = 49BD147221225BA6002FDB6A /* taumanager.c */; };
		49C54B2B211914C20072B458 /* systemmanager.c in Sources */ = {isa = PBXBuildFile; fileRef = 49C54B2A211914C20072B458 /* systemmanager.c */; };
		49F0AA2D211D2515005E1D9E /* profilemanager.c in Sources */ = {isa = PBXBuildFile; fileRef = 49F0AA2C211D2515005E1D9E /* profilemanager.c */; };
/* End PBXBuildFile section */

/* Begin PBXCopyFilesBuildPhase section */
		494810352117974400D3F45A /* CopyFiles */ = {
			isa = PBXCopyFilesBuildPhase;
			buildActionMask = 2147483647;
			dstPath = /usr/share/man/man1/;
			dstSubfolderSpec = 0;
			files = (
			);
			runOnlyForDeploymentPostprocessing = 1;
		};
/* End PBXCopyFilesBuildPhase section */

/* Begin PBXFileReference section */
		4941CC91212E7D3300A95CCE /* systemhandlers.h */ = {isa = PBXFileReference; lastKnownFileType = sourcecode.c.h; path = systemhandlers.h; sourceTree = "<group>"; };
		4941CC92212E7D3300A95CCE /* systemhandlers.c */ = {isa = PBXFileReference; lastKnownFileType = sourcecode.c.c; path = systemhandlers.c; sourceTree = "<group>"; };
		4941CC9421325AB700A95CCE /* globaltypes.h */ = {isa = PBXFileReference; lastKnownFileType = sourcecode.c.h; path = globaltypes.h; sourceTree = "<group>"; };
		494810372117974400D3F45A /* C11_rtos */ = {isa = PBXFileReference; explicitFileType = "compiled.mach-o.executable"; includeInIndex = 0; path = C11_rtos; sourceTree = BUILT_PRODUCTS_DIR; };
		4948103A2117974400D3F45A /* main.c */ = {isa = PBXFileReference; lastKnownFileType = sourcecode.c.c; path = main.c; sourceTree = "<group>"; };
		494810432117975A00D3F45A /* touchcontroller.h */ = {isa = PBXFileReference; fileEncoding = 4; lastKnownFileType = sourcecode.c.h; path = touchcontroller.h; sourceTree = "<group>"; };
		494810442117975A00D3F45A /* CPT112S.h */ = {isa = PBXFileReference; fileEncoding = 4; lastKnownFileType = sourcecode.c.h; path = CPT112S.h; sourceTree = "<group>"; };
		494810532117975A00D3F45A /* i2c_template.h */ = {isa = PBXFileReference; fileEncoding = 4; lastKnownFileType = sourcecode.c.h; path = i2c_template.h; sourceTree = "<group>"; };
		494810552117975A00D3F45A /* spi_template.h */ = {isa = PBXFileReference; fileEncoding = 4; lastKnownFileType = sourcecode.c.h; path = spi_template.h; sourceTree = "<group>"; };
		494810562117975A00D3F45A /* timestamp.h */ = {isa = PBXFileReference; fileEncoding = 4; lastKnownFileType = sourcecode.c.h; path = timestamp.h; sourceTree = "<group>"; };
		494810582117975A00D3F45A /* sysiocontroller.c */ = {isa = PBXFileReference; fileEncoding = 4; lastKnownFileType = sourcecode.c.c; path = sysiocontroller.c; sourceTree = "<group>"; };
		494810592117975A00D3F45A /* sysiocontroller.h */ = {isa = PBXFileReference; fileEncoding = 4; lastKnownFileType = sourcecode.c.h; path = sysiocontroller.h; sourceTree = "<group>"; };
		4948105C2117975A00D3F45A /* motionsensor.c */ = {isa = PBXFileReference; fileEncoding = 4; lastKnownFileType = sourcecode.c.c; path = motionsensor.c; sourceTree = "<group>"; };
		4948105D2117975A00D3F45A /* shtp.h */ = {isa = PBXFileReference; fileEncoding = 4; lastKnownFileType = sourcecode.c.h; path = shtp.h; sourceTree = "<group>"; };
		4948105E2117975A00D3F45A /* sh2.h */ = {isa = PBXFileReference; fileEncoding = 4; lastKnownFileType = sourcecode.c.h; path = sh2.h; sourceTree = "<group>"; };
		4948105F2117975A00D3F45A /* BNO080.h */ = {isa = PBXFileReference; fileEncoding = 4; lastKnownFileType = sourcecode.c.h; path = BNO080.h; sourceTree = "<group>"; };
		494810602117975A00D3F45A /* motionsensor.h */ = {isa = PBXFileReference; fileEncoding = 4; lastKnownFileType = sourcecode.c.h; path = motionsensor.h; sourceTree = "<group>"; };
		494810612117975A00D3F45A /* shtp.c */ = {isa = PBXFileReference; fileEncoding = 4; lastKnownFileType = sourcecode.c.c; path = shtp.c; sourceTree = "<group>"; };
		494810622117975A00D3F45A /* BNO080.c */ = {isa = PBXFileReference; fileEncoding = 4; lastKnownFileType = sourcecode.c.c; path = BNO080.c; sourceTree = "<group>"; };
		494810642117975A00D3F45A /* STC3100IQT.h */ = {isa = PBXFileReference; fileEncoding = 4; lastKnownFileType = sourcecode.c.h; path = STC3100IQT.h; sourceTree = "<group>"; };
		494810652117975A00D3F45A /* batterymonitor.h */ = {isa = PBXFileReference; fileEncoding = 4; lastKnownFileType = sourcecode.c.h; path = batterymonitor.h; sourceTree = "<group>"; };
		49485D8B2117CC3300D3F45A /* rho_client.h */ = {isa = PBXFileReference; fileEncoding = 4; lastKnownFileType = sourcecode.c.h; path = rho_client.h; sourceTree = "<group>"; };
		49485D8C2117CC3300D3F45A /* rho_client.c */ = {isa = PBXFileReference; fileEncoding = 4; lastKnownFileType = sourcecode.c.c; path = rho_client.c; sourceTree = "<group>"; };
		498E8F69211A77F6008F3660 /* systembridge.h */ = {isa = PBXFileReference; lastKnownFileType = sourcecode.c.h; path = systembridge.h; sourceTree = "<group>"; };
		49A17FAC211FF6C000F920CE /* systembehavior.h */ = {isa = PBXFileReference; lastKnownFileType = sourcecode.c.h; path = systembehavior.h; sourceTree = "<group>"; };
		49A17FAD211FF6C000F920CE /* systembehavior.c */ = {isa = PBXFileReference; lastKnownFileType = sourcecode.c.c; path = systembehavior.c; sourceTree = "<group>"; };
		49A55EEF2128CCC70087AF74 /* kalman.h */ = {isa = PBXFileReference; fileEncoding = 4; lastKnownFileType = sourcecode.c.h; path = kalman.h; sourceTree = "<group>"; };
		49A55EF02128CCC70087AF74 /* kalman.c */ = {isa = PBXFileReference; fileEncoding = 4; lastKnownFileType = sourcecode.c.c; path = kalman.c; sourceTree = "<group>"; };
		49A55EF12128CCC70087AF74 /* kinetic_master.h */ = {isa = PBXFileReference; fileEncoding = 4; lastKnownFileType = sourcecode.c.h; path = kinetic_master.h; sourceTree = "<group>"; };
		49A55EF52128CCC70087AF74 /* kinetic.c */ = {isa = PBXFileReference; fileEncoding = 4; lastKnownFileType = sourcecode.c.c; path = kinetic.c; sourceTree = "<group>"; };
		49A55EF72128CCC70087AF74 /* kinetic.h */ = {isa = PBXFileReference; fileEncoding = 4; lastKnownFileType = sourcecode.c.h; path = kinetic.h; sourceTree = "<group>"; };
		49A55EF92128CCC70087AF74 /* point.h */ = {isa = PBXFileReference; fileEncoding = 4; lastKnownFileType = sourcecode.c.h; path = point.h; sourceTree = "<group>"; };
		49A55EFA2128CCC70087AF74 /* vector.c */ = {isa = PBXFileReference; fileEncoding = 4; lastKnownFileType = sourcecode.c.c; path = vector.c; sourceTree = "<group>"; };
		49A55EFB2128CCC70087AF74 /* quaternion.h */ = {isa = PBXFileReference; fileEncoding = 4; lastKnownFileType = sourcecode.c.h; path = quaternion.h; sourceTree = "<group>"; };
		49A55EFC2128CCC70087AF74 /* qmath.h */ = {isa = PBXFileReference; fileEncoding = 4; lastKnownFileType = sourcecode.c.h; path = qmath.h; sourceTree = "<group>"; };
		49A55EFD2128CCC70087AF74 /* point.c */ = {isa = PBXFileReference; fileEncoding = 4; lastKnownFileType = sourcecode.c.c; path = point.c; sourceTree = "<group>"; };
		49A55EFE2128CCC70087AF74 /* vector.h */ = {isa = PBXFileReference; fileEncoding = 4; lastKnownFileType = sourcecode.c.h; path = vector.h; sourceTree = "<group>"; };
		49A55EFF2128CCC70087AF74 /* quaternion.c */ = {isa = PBXFileReference; fileEncoding = 4; lastKnownFileType = sourcecode.c.c; path = quaternion.c; sourceTree = "<group>"; };
		49BD146E21225B15002FDB6A /* communicationmanager.h */ = {isa = PBXFileReference; lastKnownFileType = sourcecode.c.h; path = communicationmanager.h; sourceTree = "<group>"; };
		49BD146F21225B15002FDB6A /* communicationmanager.c */ = {isa = PBXFileReference; lastKnownFileType = sourcecode.c.c; path = communicationmanager.c; sourceTree = "<group>"; };
		49BD147121225BA6002FDB6A /* taumanager.h */ = {isa = PBXFileReference; lastKnownFileType = sourcecode.c.h; path = taumanager.h; sourceTree = "<group>"; };
		49BD147221225BA6002FDB6A /* taumanager.c */ = {isa = PBXFileReference; lastKnownFileType = sourcecode.c.c; path = taumanager.c; sourceTree = "<group>"; };
		49C54B29211914C20072B458 /* systemmanager.h */ = {isa = PBXFileReference; lastKnownFileType = sourcecode.c.h; name = systemmanager.h; path = ../System/systemmanager.h; sourceTree = "<group>"; };
		49C54B2A211914C20072B458 /* systemmanager.c */ = {isa = PBXFileReference; lastKnownFileType = sourcecode.c.c; name = systemmanager.c; path = ../System/systemmanager.c; sourceTree = "<group>"; };
		49C54B2C211915460072B458 /* systemtypes.h */ = {isa = PBXFileReference; lastKnownFileType = sourcecode.c.h; path = systemtypes.h; sourceTree = "<group>"; };
		49F0AA2A211D19CC005E1D9E /* C11_profile.h */ = {isa = PBXFileReference; lastKnownFileType = sourcecode.c.h; path = C11_profile.h; sourceTree = "<group>"; };
		49F0AA2B211D2515005E1D9E /* profilemanager.h */ = {isa = PBXFileReference; lastKnownFileType = sourcecode.c.h; name = profilemanager.h; path = ../System/profilemanager.h; sourceTree = "<group>"; };
		49F0AA2C211D2515005E1D9E /* profilemanager.c */ = {isa = PBXFileReference; lastKnownFileType = sourcecode.c.c; name = profilemanager.c; path = ../System/profilemanager.c; sourceTree = "<group>"; };
/* End PBXFileReference section */

/* Begin PBXFrameworksBuildPhase section */
		494810342117974400D3F45A /* Frameworks */ = {
			isa = PBXFrameworksBuildPhase;
			buildActionMask = 2147483647;
			files = (
			);
			runOnlyForDeploymentPostprocessing = 0;
		};
/* End PBXFrameworksBuildPhase section */

/* Begin PBXGroup section */
		4948102E2117974300D3F45A = {
			isa = PBXGroup;
			children = (
				494810392117974400D3F45A /* C11_rtos */,
				494810382117974400D3F45A /* Products */,
			);
			sourceTree = "<group>";
		};
		494810382117974400D3F45A /* Products */ = {
			isa = PBXGroup;
			children = (
				494810372117974400D3F45A /* C11_rtos */,
			);
			name = Products;
			sourceTree = "<group>";
		};
		494810392117974400D3F45A /* C11_rtos */ = {
			isa = PBXGroup;
			children = (
				49F0AA2A211D19CC005E1D9E /* C11_profile.h */,
				4948103A2117974400D3F45A /* main.c */,
				49A55EED2128CCC70087AF74 /* kinetic */,
				494810412117975A00D3F45A /* sensors */,
				494810522117975A00D3F45A /* system */,
			);
			path = C11_rtos;
			sourceTree = "<group>";
		};
		494810412117975A00D3F45A /* sensors */ = {
			isa = PBXGroup;
			children = (
				49485D8A2117CC3300D3F45A /* rhoclient */,
				494810422117975A00D3F45A /* touchcontroller */,
				4948105B2117975A00D3F45A /* motionsensor */,
				494810632117975A00D3F45A /* batterymonitor */,
			);
			name = sensors;
			path = ../../../../general/sensors/sensors;
			sourceTree = "<group>";
		};
		494810422117975A00D3F45A /* touchcontroller */ = {
			isa = PBXGroup;
			children = (
				494810442117975A00D3F45A /* CPT112S.h */,
				494810432117975A00D3F45A /* touchcontroller.h */,
			);
			path = touchcontroller;
			sourceTree = "<group>";
		};
		494810522117975A00D3F45A /* system */ = {
			isa = PBXGroup;
			children = (
				494810572117975A00D3F45A /* sysiocontroller */,
				49C54B29211914C20072B458 /* systemmanager.h */,
				49C54B2A211914C20072B458 /* systemmanager.c */,
				49A17FAC211FF6C000F920CE /* systembehavior.h */,
				49A17FAD211FF6C000F920CE /* systembehavior.c */,
				4941CC91212E7D3300A95CCE /* systemhandlers.h */,
				4941CC92212E7D3300A95CCE /* systemhandlers.c */,
				49F0AA2B211D2515005E1D9E /* profilemanager.h */,
				49F0AA2C211D2515005E1D9E /* profilemanager.c */,
				49BD146E21225B15002FDB6A /* communicationmanager.h */,
				49BD146F21225B15002FDB6A /* communicationmanager.c */,
				49BD147121225BA6002FDB6A /* taumanager.h */,
				49BD147221225BA6002FDB6A /* taumanager.c */,
				4941CC9421325AB700A95CCE /* globaltypes.h */,
				49C54B2C211915460072B458 /* systemtypes.h */,
				498E8F69211A77F6008F3660 /* systembridge.h */,
			);
			path = system;
			sourceTree = "<group>";
		};
		494810572117975A00D3F45A /* sysiocontroller */ = {
			isa = PBXGroup;
			children = (
				494810562117975A00D3F45A /* timestamp.h */,
				494810532117975A00D3F45A /* i2c_template.h */,
				494810552117975A00D3F45A /* spi_template.h */,
				494810592117975A00D3F45A /* sysiocontroller.h */,
				494810582117975A00D3F45A /* sysiocontroller.c */,
			);
			path = sysiocontroller;
			sourceTree = "<group>";
		};
		4948105B2117975A00D3F45A /* motionsensor */ = {
			isa = PBXGroup;
			children = (
				4948105E2117975A00D3F45A /* sh2.h */,
				4948105D2117975A00D3F45A /* shtp.h */,
				494810612117975A00D3F45A /* shtp.c */,
				4948105F2117975A00D3F45A /* BNO080.h */,
				494810622117975A00D3F45A /* BNO080.c */,
				494810602117975A00D3F45A /* motionsensor.h */,
				4948105C2117975A00D3F45A /* motionsensor.c */,
			);
			path = motionsensor;
			sourceTree = "<group>";
		};
		494810632117975A00D3F45A /* batterymonitor */ = {
			isa = PBXGroup;
			children = (
				494810642117975A00D3F45A /* STC3100IQT.h */,
				494810652117975A00D3F45A /* batterymonitor.h */,
			);
			path = batterymonitor;
			sourceTree = "<group>";
		};
		49485D8A2117CC3300D3F45A /* rhoclient */ = {
			isa = PBXGroup;
			children = (
				49485D8B2117CC3300D3F45A /* rho_client.h */,
				49485D8C2117CC3300D3F45A /* rho_client.c */,
			);
			path = rhoclient;
			sourceTree = "<group>";
		};
		49A55EED2128CCC70087AF74 /* kinetic */ = {
			isa = PBXGroup;
			children = (
				49A55EF12128CCC70087AF74 /* kinetic_master.h */,
				49A55EF72128CCC70087AF74 /* kinetic.h */,
				49A55EF52128CCC70087AF74 /* kinetic.c */,
				49A55EEE2128CCC70087AF74 /* filters */,
				49A55EF82128CCC70087AF74 /* qmath */,
			);
			name = kinetic;
			path = ../../../../general/kinetic;
			sourceTree = "<group>";
		};
		49A55EEE2128CCC70087AF74 /* filters */ = {
			isa = PBXGroup;
			children = (
				49A55EEF2128CCC70087AF74 /* kalman.h */,
				49A55EF02128CCC70087AF74 /* kalman.c */,
			);
			path = filters;
			sourceTree = "<group>";
		};
		49A55EF82128CCC70087AF74 /* qmath */ = {
			isa = PBXGroup;
			children = (
				49A55EF92128CCC70087AF74 /* point.h */,
				49A55EFA2128CCC70087AF74 /* vector.c */,
				49A55EFB2128CCC70087AF74 /* quaternion.h */,
				49A55EFC2128CCC70087AF74 /* qmath.h */,
				49A55EFD2128CCC70087AF74 /* point.c */,
				49A55EFE2128CCC70087AF74 /* vector.h */,
				49A55EFF2128CCC70087AF74 /* quaternion.c */,
			);
			path = qmath;
			sourceTree = "<group>";
		};
/* End PBXGroup section */

/* Begin PBXNativeTarget section */
		494810362117974400D3F45A /* C11_rtos */ = {
			isa = PBXNativeTarget;
			buildConfigurationList = 4948103E2117974400D3F45A /* Build configuration list for PBXNativeTarget "C11_rtos" */;
			buildPhases = (
				494810332117974400D3F45A /* Sources */,
				494810342117974400D3F45A /* Frameworks */,
				494810352117974400D3F45A /* CopyFiles */,
			);
			buildRules = (
			);
			dependencies = (
			);
			name = C11_rtos;
			productName = C11_rtos;
			productReference = 494810372117974400D3F45A /* C11_rtos */;
			productType = "com.apple.product-type.tool";
		};
/* End PBXNativeTarget section */

/* Begin PBXProject section */
		4948102F2117974300D3F45A /* Project object */ = {
			isa = PBXProject;
			attributes = {
				LastUpgradeCheck = 0920;
				ORGANIZATIONNAME = Marbl;
				TargetAttributes = {
					494810362117974400D3F45A = {
						CreatedOnToolsVersion = 9.2;
						ProvisioningStyle = Automatic;
					};
				};
			};
			buildConfigurationList = 494810322117974300D3F45A /* Build configuration list for PBXProject "C11_rtos" */;
			compatibilityVersion = "Xcode 8.0";
			developmentRegion = en;
			hasScannedForEncodings = 0;
			knownRegions = (
				en,
			);
			mainGroup = 4948102E2117974300D3F45A;
			productRefGroup = 494810382117974400D3F45A /* Products */;
			projectDirPath = "";
			projectRoot = "";
			targets = (
				494810362117974400D3F45A /* C11_rtos */,
			);
		};
/* End PBXProject section */

/* Begin PBXSourcesBuildPhase section */
		494810332117974400D3F45A /* Sources */ = {
			isa = PBXSourcesBuildPhase;
			buildActionMask = 2147483647;
			files = (
				49C54B2B211914C20072B458 /* systemmanager.c in Sources */,
				49A55F002128CCC70087AF74 /* kalman.c in Sources */,
				49A55F052128CCC70087AF74 /* point.c in Sources */,
				49485D8D2117CC3300D3F45A /* rho_client.c in Sources */,
				49A55F062128CCC70087AF74 /* quaternion.c in Sources */,
				4941CC93212E7D3300A95CCE /* systemhandlers.c in Sources */,
				49BD147321225BA6002FDB6A /* taumanager.c in Sources */,
				49A55F022128CCC70087AF74 /* kinetic.c in Sources */,
				49BD147021225B15002FDB6A /* communicationmanager.c in Sources */,
				4948106C2117975A00D3F45A /* shtp.c in Sources */,
				4948103B2117974400D3F45A /* main.c in Sources */,
				49A17FAE211FF6C000F920CE /* systembehavior.c in Sources */,
				4948106D2117975A00D3F45A /* BNO080.c in Sources */,
				49A55F042128CCC70087AF74 /* vector.c in Sources */,
				494810692117975A00D3F45A /* sysiocontroller.c in Sources */,
				4948106B2117975A00D3F45A /* motionsensor.c in Sources */,
				49F0AA2D211D2515005E1D9E /* profilemanager.c in Sources */,
			);
			runOnlyForDeploymentPostprocessing = 0;
		};
/* End PBXSourcesBuildPhase section */

/* Begin XCBuildConfiguration section */
		4948103C2117974400D3F45A /* Debug */ = {
			isa = XCBuildConfiguration;
			buildSettings = {
				ALWAYS_SEARCH_USER_PATHS = NO;
				CLANG_ANALYZER_NONNULL = YES;
				CLANG_ANALYZER_NUMBER_OBJECT_CONVERSION = YES_AGGRESSIVE;
				CLANG_CXX_LANGUAGE_STANDARD = "gnu++14";
				CLANG_CXX_LIBRARY = "libc++";
				CLANG_ENABLE_MODULES = YES;
				CLANG_ENABLE_OBJC_ARC = YES;
				CLANG_WARN_BLOCK_CAPTURE_AUTORELEASING = YES;
				CLANG_WARN_BOOL_CONVERSION = YES;
				CLANG_WARN_COMMA = YES;
				CLANG_WARN_CONSTANT_CONVERSION = YES;
				CLANG_WARN_DIRECT_OBJC_ISA_USAGE = YES_ERROR;
				CLANG_WARN_DOCUMENTATION_COMMENTS = YES;
				CLANG_WARN_EMPTY_BODY = YES;
				CLANG_WARN_ENUM_CONVERSION = YES;
				CLANG_WARN_INFINITE_RECURSION = YES;
				CLANG_WARN_INT_CONVERSION = YES;
				CLANG_WARN_NON_LITERAL_NULL_CONVERSION = YES;
				CLANG_WARN_OBJC_LITERAL_CONVERSION = YES;
				CLANG_WARN_OBJC_ROOT_CLASS = YES_ERROR;
				CLANG_WARN_RANGE_LOOP_ANALYSIS = YES;
				CLANG_WARN_STRICT_PROTOTYPES = YES;
				CLANG_WARN_SUSPICIOUS_MOVE = YES;
				CLANG_WARN_UNGUARDED_AVAILABILITY = YES_AGGRESSIVE;
				CLANG_WARN_UNREACHABLE_CODE = YES;
				CLANG_WARN__DUPLICATE_METHOD_MATCH = YES;
				CODE_SIGN_IDENTITY = "Mac Developer";
				COPY_PHASE_STRIP = NO;
				DEBUG_INFORMATION_FORMAT = dwarf;
				ENABLE_STRICT_OBJC_MSGSEND = YES;
				ENABLE_TESTABILITY = YES;
				GCC_C_LANGUAGE_STANDARD = gnu11;
				GCC_DYNAMIC_NO_PIC = NO;
				GCC_NO_COMMON_BLOCKS = YES;
				GCC_OPTIMIZATION_LEVEL = 0;
				GCC_PREPROCESSOR_DEFINITIONS = (
					"DEBUG=1",
					"$(inherited)",
				);
				GCC_WARN_64_TO_32_BIT_CONVERSION = YES;
				GCC_WARN_ABOUT_RETURN_TYPE = YES_ERROR;
				GCC_WARN_UNDECLARED_SELECTOR = YES;
				GCC_WARN_UNINITIALIZED_AUTOS = YES_AGGRESSIVE;
				GCC_WARN_UNUSED_FUNCTION = YES;
				GCC_WARN_UNUSED_VARIABLE = YES;
				MACOSX_DEPLOYMENT_TARGET = 10.13;
				MTL_ENABLE_DEBUG_INFO = YES;
				ONLY_ACTIVE_ARCH = YES;
				SDKROOT = macosx;
			};
			name = Debug;
		};
		4948103D2117974400D3F45A /* Release */ = {
			isa = XCBuildConfiguration;
			buildSettings = {
				ALWAYS_SEARCH_USER_PATHS = NO;
				CLANG_ANALYZER_NONNULL = YES;
				CLANG_ANALYZER_NUMBER_OBJECT_CONVERSION = YES_AGGRESSIVE;
				CLANG_CXX_LANGUAGE_STANDARD = "gnu++14";
				CLANG_CXX_LIBRARY = "libc++";
				CLANG_ENABLE_MODULES = YES;
				CLANG_ENABLE_OBJC_ARC = YES;
				CLANG_WARN_BLOCK_CAPTURE_AUTORELEASING = YES;
				CLANG_WARN_BOOL_CONVERSION = YES;
				CLANG_WARN_COMMA = YES;
				CLANG_WARN_CONSTANT_CONVERSION = YES;
				CLANG_WARN_DIRECT_OBJC_ISA_USAGE = YES_ERROR;
				CLANG_WARN_DOCUMENTATION_COMMENTS = YES;
				CLANG_WARN_EMPTY_BODY = YES;
				CLANG_WARN_ENUM_CONVERSION = YES;
				CLANG_WARN_INFINITE_RECURSION = YES;
				CLANG_WARN_INT_CONVERSION = YES;
				CLANG_WARN_NON_LITERAL_NULL_CONVERSION = YES;
				CLANG_WARN_OBJC_LITERAL_CONVERSION = YES;
				CLANG_WARN_OBJC_ROOT_CLASS = YES_ERROR;
				CLANG_WARN_RANGE_LOOP_ANALYSIS = YES;
				CLANG_WARN_STRICT_PROTOTYPES = YES;
				CLANG_WARN_SUSPICIOUS_MOVE = YES;
				CLANG_WARN_UNGUARDED_AVAILABILITY = YES_AGGRESSIVE;
				CLANG_WARN_UNREACHABLE_CODE = YES;
				CLANG_WARN__DUPLICATE_METHOD_MATCH = YES;
				CODE_SIGN_IDENTITY = "Mac Developer";
				COPY_PHASE_STRIP = NO;
				DEBUG_INFORMATION_FORMAT = "dwarf-with-dsym";
				ENABLE_NS_ASSERTIONS = NO;
				ENABLE_STRICT_OBJC_MSGSEND = YES;
				GCC_C_LANGUAGE_STANDARD = gnu11;
				GCC_NO_COMMON_BLOCKS = YES;
				GCC_WARN_64_TO_32_BIT_CONVERSION = YES;
				GCC_WARN_ABOUT_RETURN_TYPE = YES_ERROR;
				GCC_WARN_UNDECLARED_SELECTOR = YES;
				GCC_WARN_UNINITIALIZED_AUTOS = YES_AGGRESSIVE;
				GCC_WARN_UNUSED_FUNCTION = YES;
				GCC_WARN_UNUSED_VARIABLE = YES;
				MACOSX_DEPLOYMENT_TARGET = 10.13;
				MTL_ENABLE_DEBUG_INFO = NO;
				SDKROOT = macosx;
			};
			name = Release;
		};
		4948103F2117974400D3F45A /* Debug */ = {
			isa = XCBuildConfiguration;
			buildSettings = {
				CODE_SIGN_STYLE = Automatic;
				DEVELOPMENT_TEAM = RAUFW7M7KN;
				PRODUCT_NAME = "$(TARGET_NAME)";
			};
			name = Debug;
		};
		494810402117974400D3F45A /* Release */ = {
			isa = XCBuildConfiguration;
			buildSettings = {
				CODE_SIGN_STYLE = Automatic;
				DEVELOPMENT_TEAM = RAUFW7M7KN;
				PRODUCT_NAME = "$(TARGET_NAME)";
			};
			name = Release;
		};
/* End XCBuildConfiguration section */

/* Begin XCConfigurationList section */
		494810322117974300D3F45A /* Build configuration list for PBXProject "C11_rtos" */ = {
			isa = XCConfigurationList;
			buildConfigurations = (
				4948103C2117974400D3F45A /* Debug */,
				4948103D2117974400D3F45A /* Release */,
			);
			defaultConfigurationIsVisible = 0;
			defaultConfigurationName = Release;
		};
		4948103E2117974400D3F45A /* Build configuration list for PBXNativeTarget "C11_rtos" */ = {
			isa = XCConfigurationList;
			buildConfigurations = (
				4948103F2117974400D3F45A /* Debug */,
				494810402117974400D3F45A /* Release */,
			);
			defaultConfigurationIsVisible = 0;
			defaultConfigurationName = Release;
		};
/* End XCConfigurationList section */
	};
	rootObject = 4948102F2117974300D3F45A /* Project object */;
}
