// !$*UTF8*$!
{
	archiveVersion = 1;
	classes = {
	};
	objectVersion = 50;
	objects = {

/* Begin PBXBuildFile section */
		342C9FE324C9273D0063DC5A /* lib_mem.c in Sources */ = {isa = PBXBuildFile; fileRef = 342C9CDA24C9273C0063DC5A /* lib_mem.c */; };
		342C9FE424C9273D0063DC5A /* lib_str.c in Sources */ = {isa = PBXBuildFile; fileRef = 342C9CDB24C9273C0063DC5A /* lib_str.c */; };
		342C9FE524C9273D0063DC5A /* lib_ascii.c in Sources */ = {isa = PBXBuildFile; fileRef = 342C9CE124C9273C0063DC5A /* lib_ascii.c */; };
		342C9FE624C9273D0063DC5A /* lib_math.c in Sources */ = {isa = PBXBuildFile; fileRef = 342C9CE224C9273C0063DC5A /* lib_math.c */; };
		342C9FF524C9273D0063DC5A /* cpu_c.c in Sources */ = {isa = PBXBuildFile; fileRef = 342C9D1E24C9273C0063DC5A /* cpu_c.c */; };
		342CA02E24C9273D0063DC5A /* cpu_core.c in Sources */ = {isa = PBXBuildFile; fileRef = 342C9DFB24C9273C0063DC5A /* cpu_core.c */; };
		342CA04E24C9273D0063DC5A /* __dbg_uCOS-III.c in Sources */ = {isa = PBXBuildFile; fileRef = 342C9E9B24C9273C0063DC5A /* __dbg_uCOS-III.c */; };
		342CA04F24C9273D0063DC5A /* os_sem.c in Sources */ = {isa = PBXBuildFile; fileRef = 342C9E9D24C9273C0063DC5A /* os_sem.c */; };
		342CA05024C9273D0063DC5A /* os_var.c in Sources */ = {isa = PBXBuildFile; fileRef = 342C9EA024C9273C0063DC5A /* os_var.c */; };
		342CA05124C9273D0063DC5A /* os_q.c in Sources */ = {isa = PBXBuildFile; fileRef = 342C9EA124C9273C0063DC5A /* os_q.c */; };
		342CA05224C9273D0063DC5A /* os_cfg_app.c in Sources */ = {isa = PBXBuildFile; fileRef = 342C9EA224C9273C0063DC5A /* os_cfg_app.c */; };
		342CA05324C9273D0063DC5A /* os_mutex.c in Sources */ = {isa = PBXBuildFile; fileRef = 342C9EA324C9273C0063DC5A /* os_mutex.c */; };
		342CA05424C9273D0063DC5A /* os_msg.c in Sources */ = {isa = PBXBuildFile; fileRef = 342C9EA424C9273C0063DC5A /* os_msg.c */; };
		342CA05524C9273D0063DC5A /* os_time.c in Sources */ = {isa = PBXBuildFile; fileRef = 342C9EA524C9273C0063DC5A /* os_time.c */; };
		342CA05624C9273D0063DC5A /* os_core.c in Sources */ = {isa = PBXBuildFile; fileRef = 342C9EA624C9273C0063DC5A /* os_core.c */; };
		342CA05724C9273D0063DC5A /* os_task.c in Sources */ = {isa = PBXBuildFile; fileRef = 342C9EA724C9273C0063DC5A /* os_task.c */; };
		342CA05824C9273D0063DC5A /* os_dbg.c in Sources */ = {isa = PBXBuildFile; fileRef = 342C9EA824C9273C0063DC5A /* os_dbg.c */; };
		342CA05924C9273D0063DC5A /* os_prio.c in Sources */ = {isa = PBXBuildFile; fileRef = 342C9EA924C9273C0063DC5A /* os_prio.c */; };
		342CA05A24C9273D0063DC5A /* os_tick.c in Sources */ = {isa = PBXBuildFile; fileRef = 342C9EAA24C9273C0063DC5A /* os_tick.c */; };
		342CA05B24C9273D0063DC5A /* os_flag.c in Sources */ = {isa = PBXBuildFile; fileRef = 342C9EAB24C9273C0063DC5A /* os_flag.c */; };
		342CA05C24C9273D0063DC5A /* os_tmr.c in Sources */ = {isa = PBXBuildFile; fileRef = 342C9EAC24C9273C0063DC5A /* os_tmr.c */; };
		342CA05D24C9273D0063DC5A /* os_mem.c in Sources */ = {isa = PBXBuildFile; fileRef = 342C9EAD24C9273C0063DC5A /* os_mem.c */; };
		342CA05E24C9273D0063DC5A /* os_stat.c in Sources */ = {isa = PBXBuildFile; fileRef = 342C9EAE24C9273C0063DC5A /* os_stat.c */; };
		342CA05F24C9273D0063DC5A /* os_app_hooks.c in Sources */ = {isa = PBXBuildFile; fileRef = 342C9EB124C9273C0063DC5A /* os_app_hooks.c */; };
		342CA06624C9273D0063DC5A /* os_cpu_c.c in Sources */ = {isa = PBXBuildFile; fileRef = 342C9ECE24C9273C0063DC5A /* os_cpu_c.c */; };
		3431DBF923E60F9A00392FD4 /* papi_interface.c in Sources */ = {isa = PBXBuildFile; fileRef = 3431DBF823E60F9A00392FD4 /* papi_interface.c */; };
		347D9BFE24AE9362006C9FC4 /* DRV2605.c in Sources */ = {isa = PBXBuildFile; fileRef = 347D9BFD24AE9362006C9FC4 /* DRV2605.c */; };
		3491A35D23C57815008010C8 /* main.c in Sources */ = {isa = PBXBuildFile; fileRef = 3491A31023C57814008010C8 /* main.c */; };
		3491A35E23C57815008010C8 /* systembehavior.c in Sources */ = {isa = PBXBuildFile; fileRef = 3491A31A23C57815008010C8 /* systembehavior.c */; };
		3491A36023C57815008010C8 /* systemmanager.c in Sources */ = {isa = PBXBuildFile; fileRef = 3491A31C23C57815008010C8 /* systemmanager.c */; };
		3491A36123C57815008010C8 /* sysiocontroller.c in Sources */ = {isa = PBXBuildFile; fileRef = 3491A32123C57815008010C8 /* sysiocontroller.c */; };
		3491A36223C57815008010C8 /* taumanager.c in Sources */ = {isa = PBXBuildFile; fileRef = 3491A32723C57815008010C8 /* taumanager.c */; };
		3491A36323C57815008010C8 /* os_interface.c in Sources */ = {isa = PBXBuildFile; fileRef = 3491A32823C57815008010C8 /* os_interface.c */; };
		3491A36423C57815008010C8 /* profilemanager.c in Sources */ = {isa = PBXBuildFile; fileRef = 3491A32A23C57815008010C8 /* profilemanager.c */; };
		3491A36523C57815008010C8 /* communicationmanager.c in Sources */ = {isa = PBXBuildFile; fileRef = 3491A32D23C57815008010C8 /* communicationmanager.c */; };
		3491A36623C57815008010C8 /* rho_client.c in Sources */ = {isa = PBXBuildFile; fileRef = 3491A34823C57815008010C8 /* rho_client.c */; };
		3491A36723C57815008010C8 /* motionsensor.c in Sources */ = {isa = PBXBuildFile; fileRef = 3491A34A23C57815008010C8 /* motionsensor.c */; };
		3491A36823C57815008010C8 /* shtp.c in Sources */ = {isa = PBXBuildFile; fileRef = 3491A34F23C57815008010C8 /* shtp.c */; };
		3491A36923C57815008010C8 /* BNO080.c in Sources */ = {isa = PBXBuildFile; fileRef = 3491A35023C57815008010C8 /* BNO080.c */; };
		3491A36A23C57815008010C8 /* batterymonitor.c in Sources */ = {isa = PBXBuildFile; fileRef = 3491A35323C57815008010C8 /* batterymonitor.c */; };
		3491A38523C57877008010C8 /* kalman.c in Sources */ = {isa = PBXBuildFile; fileRef = 3491A37023C57877008010C8 /* kalman.c */; };
		3491A38723C57877008010C8 /* kinetic.c in Sources */ = {isa = PBXBuildFile; fileRef = 3491A37623C57877008010C8 /* kinetic.c */; };
		3491A38823C57877008010C8 /* matvec.c in Sources */ = {isa = PBXBuildFile; fileRef = 3491A37A23C57877008010C8 /* matvec.c */; };
		3491A38923C57877008010C8 /* vector.c in Sources */ = {isa = PBXBuildFile; fileRef = 3491A37C23C57877008010C8 /* vector.c */; };
		3491A38A23C57877008010C8 /* point.c in Sources */ = {isa = PBXBuildFile; fileRef = 3491A37F23C57877008010C8 /* point.c */; };
		3491A38B23C57877008010C8 /* quaternion.c in Sources */ = {isa = PBXBuildFile; fileRef = 3491A38323C57877008010C8 /* quaternion.c */; };
		34959B1D24C1345200DF3357 /* timestamp.c in Sources */ = {isa = PBXBuildFile; fileRef = 34959B1C24C1345200DF3357 /* timestamp.c */; };
		34C44286249EDB710022D6DB /* application.c in Sources */ = {isa = PBXBuildFile; fileRef = 34C44285249EDB710022D6DB /* application.c */; };
/* End PBXBuildFile section */

/* Begin PBXCopyFilesBuildPhase section */
		3491A30423C577DD008010C8 /* CopyFiles */ = {
			isa = PBXCopyFilesBuildPhase;
			buildActionMask = 2147483647;
			dstPath = /usr/share/man/man1/;
			dstSubfolderSpec = 0;
			files = (
			);
			runOnlyForDeploymentPostprocessing = 1;
		};
/* End PBXCopyFilesBuildPhase section */

/* Begin PBXFileReference section */
		342C963224C38A170063DC5A /* port_master.h */ = {isa = PBXFileReference; lastKnownFileType = sourcecode.c.h; path = port_master.h; sourceTree = "<group>"; };
		342C963724C392340063DC5A /* master.h */ = {isa = PBXFileReference; lastKnownFileType = sourcecode.c.h; path = master.h; sourceTree = "<group>"; };
		342C9CD724C9273C0063DC5A /* lib_ascii.h */ = {isa = PBXFileReference; fileEncoding = 4; lastKnownFileType = sourcecode.c.h; path = lib_ascii.h; sourceTree = "<group>"; };
		342C9CD824C9273C0063DC5A /* lib_math.h */ = {isa = PBXFileReference; fileEncoding = 4; lastKnownFileType = sourcecode.c.h; path = lib_math.h; sourceTree = "<group>"; };
		342C9CD924C9273C0063DC5A /* LICENSE */ = {isa = PBXFileReference; fileEncoding = 4; lastKnownFileType = text; path = LICENSE; sourceTree = "<group>"; };
		342C9CDA24C9273C0063DC5A /* lib_mem.c */ = {isa = PBXFileReference; fileEncoding = 4; lastKnownFileType = sourcecode.c.c; path = lib_mem.c; sourceTree = "<group>"; };
		342C9CDB24C9273C0063DC5A /* lib_str.c */ = {isa = PBXFileReference; fileEncoding = 4; lastKnownFileType = sourcecode.c.c; path = lib_str.c; sourceTree = "<group>"; };
		342C9CDE24C9273C0063DC5A /* lib_cfg.h */ = {isa = PBXFileReference; fileEncoding = 4; lastKnownFileType = sourcecode.c.h; path = lib_cfg.h; sourceTree = "<group>"; };
		342C9CDF24C9273C0063DC5A /* NOTICE */ = {isa = PBXFileReference; fileEncoding = 4; lastKnownFileType = text; path = NOTICE; sourceTree = "<group>"; };
		342C9CE024C9273C0063DC5A /* readme.md */ = {isa = PBXFileReference; fileEncoding = 4; lastKnownFileType = net.daringfireball.markdown; path = readme.md; sourceTree = "<group>"; };
		342C9CE124C9273C0063DC5A /* lib_ascii.c */ = {isa = PBXFileReference; fileEncoding = 4; lastKnownFileType = sourcecode.c.c; path = lib_ascii.c; sourceTree = "<group>"; };
		342C9CE224C9273C0063DC5A /* lib_math.c */ = {isa = PBXFileReference; fileEncoding = 4; lastKnownFileType = sourcecode.c.c; path = lib_math.c; sourceTree = "<group>"; };
		342C9CE324C9273C0063DC5A /* lib_str.h */ = {isa = PBXFileReference; fileEncoding = 4; lastKnownFileType = sourcecode.c.h; path = lib_str.h; sourceTree = "<group>"; };
		342C9CE424C9273C0063DC5A /* lib_mem.h */ = {isa = PBXFileReference; fileEncoding = 4; lastKnownFileType = sourcecode.c.h; path = lib_mem.h; sourceTree = "<group>"; };
		342C9CE524C9273C0063DC5A /* lib_def.h */ = {isa = PBXFileReference; fileEncoding = 4; lastKnownFileType = sourcecode.c.h; path = lib_def.h; sourceTree = "<group>"; };
		342C9D1424C9273C0063DC5A /* cpu_core.h */ = {isa = PBXFileReference; fileEncoding = 4; lastKnownFileType = sourcecode.c.h; path = cpu_core.h; sourceTree = "<group>"; };
		342C9D1B24C9273C0063DC5A /* cpu_def.h */ = {isa = PBXFileReference; fileEncoding = 4; lastKnownFileType = sourcecode.c.h; path = cpu_def.h; sourceTree = "<group>"; };
		342C9D1E24C9273C0063DC5A /* cpu_c.c */ = {isa = PBXFileReference; fileEncoding = 4; lastKnownFileType = sourcecode.c.c; path = cpu_c.c; sourceTree = "<group>"; };
		342C9D1F24C9273C0063DC5A /* cpu.h */ = {isa = PBXFileReference; fileEncoding = 4; lastKnownFileType = sourcecode.c.h; path = cpu.h; sourceTree = "<group>"; };
		342C9D7724C9273C0063DC5A /* LICENSE */ = {isa = PBXFileReference; fileEncoding = 4; lastKnownFileType = text; path = LICENSE; sourceTree = "<group>"; };
		342C9DAE24C9273C0063DC5A /* cpu_cache.h */ = {isa = PBXFileReference; fileEncoding = 4; lastKnownFileType = sourcecode.c.h; path = cpu_cache.h; sourceTree = "<group>"; };
		342C9DD624C9273C0063DC5A /* cpu_cfg.h */ = {isa = PBXFileReference; fileEncoding = 4; lastKnownFileType = sourcecode.c.h; path = cpu_cfg.h; sourceTree = "<group>"; };
		342C9DDF24C9273C0063DC5A /* NOTICE */ = {isa = PBXFileReference; fileEncoding = 4; lastKnownFileType = text; path = NOTICE; sourceTree = "<group>"; };
		342C9DE024C9273C0063DC5A /* readme.md */ = {isa = PBXFileReference; fileEncoding = 4; lastKnownFileType = net.daringfireball.markdown; path = readme.md; sourceTree = "<group>"; };
		342C9DFB24C9273C0063DC5A /* cpu_core.c */ = {isa = PBXFileReference; fileEncoding = 4; lastKnownFileType = sourcecode.c.c; path = cpu_core.c; sourceTree = "<group>"; };
		342C9E9824C9273C0063DC5A /* readme.txt */ = {isa = PBXFileReference; fileEncoding = 4; lastKnownFileType = text; path = readme.txt; sourceTree = "<group>"; };
		342C9E9924C9273C0063DC5A /* LICENSE */ = {isa = PBXFileReference; fileEncoding = 4; lastKnownFileType = text; path = LICENSE; sourceTree = "<group>"; };
		342C9E9B24C9273C0063DC5A /* __dbg_uCOS-III.c */ = {isa = PBXFileReference; fileEncoding = 4; lastKnownFileType = sourcecode.c.c; path = "__dbg_uCOS-III.c"; sourceTree = "<group>"; };
		342C9E9C24C9273C0063DC5A /* os_type.h */ = {isa = PBXFileReference; fileEncoding = 4; lastKnownFileType = sourcecode.c.h; path = os_type.h; sourceTree = "<group>"; };
		342C9E9D24C9273C0063DC5A /* os_sem.c */ = {isa = PBXFileReference; fileEncoding = 4; lastKnownFileType = sourcecode.c.c; path = os_sem.c; sourceTree = "<group>"; };
		342C9E9E24C9273C0063DC5A /* os_trace.h */ = {isa = PBXFileReference; fileEncoding = 4; lastKnownFileType = sourcecode.c.h; path = os_trace.h; sourceTree = "<group>"; };
		342C9E9F24C9273C0063DC5A /* os.h */ = {isa = PBXFileReference; fileEncoding = 4; lastKnownFileType = sourcecode.c.h; path = os.h; sourceTree = "<group>"; };
		342C9EA024C9273C0063DC5A /* os_var.c */ = {isa = PBXFileReference; fileEncoding = 4; lastKnownFileType = sourcecode.c.c; path = os_var.c; sourceTree = "<group>"; };
		342C9EA124C9273C0063DC5A /* os_q.c */ = {isa = PBXFileReference; fileEncoding = 4; lastKnownFileType = sourcecode.c.c; path = os_q.c; sourceTree = "<group>"; };
		342C9EA224C9273C0063DC5A /* os_cfg_app.c */ = {isa = PBXFileReference; fileEncoding = 4; lastKnownFileType = sourcecode.c.c; path = os_cfg_app.c; sourceTree = "<group>"; };
		342C9EA324C9273C0063DC5A /* os_mutex.c */ = {isa = PBXFileReference; fileEncoding = 4; lastKnownFileType = sourcecode.c.c; path = os_mutex.c; sourceTree = "<group>"; };
		342C9EA424C9273C0063DC5A /* os_msg.c */ = {isa = PBXFileReference; fileEncoding = 4; lastKnownFileType = sourcecode.c.c; path = os_msg.c; sourceTree = "<group>"; };
		342C9EA524C9273C0063DC5A /* os_time.c */ = {isa = PBXFileReference; fileEncoding = 4; lastKnownFileType = sourcecode.c.c; path = os_time.c; sourceTree = "<group>"; };
		342C9EA624C9273C0063DC5A /* os_core.c */ = {isa = PBXFileReference; fileEncoding = 4; lastKnownFileType = sourcecode.c.c; path = os_core.c; sourceTree = "<group>"; };
		342C9EA724C9273C0063DC5A /* os_task.c */ = {isa = PBXFileReference; fileEncoding = 4; lastKnownFileType = sourcecode.c.c; path = os_task.c; sourceTree = "<group>"; };
		342C9EA824C9273C0063DC5A /* os_dbg.c */ = {isa = PBXFileReference; fileEncoding = 4; lastKnownFileType = sourcecode.c.c; path = os_dbg.c; sourceTree = "<group>"; };
		342C9EA924C9273C0063DC5A /* os_prio.c */ = {isa = PBXFileReference; fileEncoding = 4; lastKnownFileType = sourcecode.c.c; path = os_prio.c; sourceTree = "<group>"; };
		342C9EAA24C9273C0063DC5A /* os_tick.c */ = {isa = PBXFileReference; fileEncoding = 4; lastKnownFileType = sourcecode.c.c; path = os_tick.c; sourceTree = "<group>"; };
		342C9EAB24C9273C0063DC5A /* os_flag.c */ = {isa = PBXFileReference; fileEncoding = 4; lastKnownFileType = sourcecode.c.c; path = os_flag.c; sourceTree = "<group>"; };
		342C9EAC24C9273C0063DC5A /* os_tmr.c */ = {isa = PBXFileReference; fileEncoding = 4; lastKnownFileType = sourcecode.c.c; path = os_tmr.c; sourceTree = "<group>"; };
		342C9EAD24C9273C0063DC5A /* os_mem.c */ = {isa = PBXFileReference; fileEncoding = 4; lastKnownFileType = sourcecode.c.c; path = os_mem.c; sourceTree = "<group>"; };
		342C9EAE24C9273C0063DC5A /* os_stat.c */ = {isa = PBXFileReference; fileEncoding = 4; lastKnownFileType = sourcecode.c.c; path = os_stat.c; sourceTree = "<group>"; };
		342C9EB124C9273C0063DC5A /* os_app_hooks.c */ = {isa = PBXFileReference; fileEncoding = 4; lastKnownFileType = sourcecode.c.c; path = os_app_hooks.c; sourceTree = "<group>"; };
		342C9EB224C9273C0063DC5A /* os_cfg.h */ = {isa = PBXFileReference; fileEncoding = 4; lastKnownFileType = sourcecode.c.h; path = os_cfg.h; sourceTree = "<group>"; };
		342C9EB324C9273C0063DC5A /* os_app_hooks.h */ = {isa = PBXFileReference; fileEncoding = 4; lastKnownFileType = sourcecode.c.h; path = os_app_hooks.h; sourceTree = "<group>"; };
		342C9EB424C9273C0063DC5A /* os_cfg_app.h */ = {isa = PBXFileReference; fileEncoding = 4; lastKnownFileType = sourcecode.c.h; path = os_cfg_app.h; sourceTree = "<group>"; };
		342C9EB524C9273C0063DC5A /* NOTICE */ = {isa = PBXFileReference; fileEncoding = 4; lastKnownFileType = text; path = NOTICE; sourceTree = "<group>"; };
		342C9EB624C9273C0063DC5A /* readme.md */ = {isa = PBXFileReference; fileEncoding = 4; lastKnownFileType = net.daringfireball.markdown; path = readme.md; sourceTree = "<group>"; };
		342C9ECD24C9273C0063DC5A /* os_cpu.h */ = {isa = PBXFileReference; fileEncoding = 4; lastKnownFileType = sourcecode.c.h; path = os_cpu.h; sourceTree = "<group>"; };
		342C9ECE24C9273C0063DC5A /* os_cpu_c.c */ = {isa = PBXFileReference; fileEncoding = 4; lastKnownFileType = sourcecode.c.c; path = os_cpu_c.c; sourceTree = "<group>"; };
		3431DBF723E60F9A00392FD4 /* papi_interface.h */ = {isa = PBXFileReference; lastKnownFileType = sourcecode.c.h; path = papi_interface.h; sourceTree = "<group>"; };
		3431DBF823E60F9A00392FD4 /* papi_interface.c */ = {isa = PBXFileReference; lastKnownFileType = sourcecode.c.c; path = papi_interface.c; sourceTree = "<group>"; };
		3431DBFA23E6104800392FD4 /* emlib_interface.h */ = {isa = PBXFileReference; lastKnownFileType = sourcecode.c.h; path = emlib_interface.h; sourceTree = "<group>"; };
		347D9BFB24AE9362006C9FC4 /* DRV2605.h */ = {isa = PBXFileReference; fileEncoding = 4; lastKnownFileType = sourcecode.c.h; path = DRV2605.h; sourceTree = "<group>"; };
		347D9BFC24AE9362006C9FC4 /* hapticcontroller.h */ = {isa = PBXFileReference; fileEncoding = 4; lastKnownFileType = sourcecode.c.h; path = hapticcontroller.h; sourceTree = "<group>"; };
		347D9BFD24AE9362006C9FC4 /* DRV2605.c */ = {isa = PBXFileReference; fileEncoding = 4; lastKnownFileType = sourcecode.c.c; path = DRV2605.c; sourceTree = "<group>"; };
		347F720B23D381E900427FD0 /* micrium_interface.h */ = {isa = PBXFileReference; lastKnownFileType = sourcecode.c.h; path = micrium_interface.h; sourceTree = "<group>"; };
		347F720C23D383C200427FD0 /* application_types.h */ = {isa = PBXFileReference; lastKnownFileType = sourcecode.c.h; path = application_types.h; sourceTree = "<group>"; };
		347F720D23D3A34400427FD0 /* application.h */ = {isa = PBXFileReference; lastKnownFileType = sourcecode.c.h; path = application.h; sourceTree = "<group>"; };
		3491A30623C577DD008010C8 /* app */ = {isa = PBXFileReference; explicitFileType = "compiled.mach-o.executable"; includeInIndex = 0; path = app; sourceTree = BUILT_PRODUCTS_DIR; };
		3491A31023C57814008010C8 /* main.c */ = {isa = PBXFileReference; fileEncoding = 4; lastKnownFileType = sourcecode.c.c; path = main.c; sourceTree = "<group>"; };
		3491A31323C57815008010C8 /* systemtypes.h */ = {isa = PBXFileReference; fileEncoding = 4; lastKnownFileType = sourcecode.c.h; path = systemtypes.h; sourceTree = "<group>"; };
		3491A31423C57815008010C8 /* global_types.h */ = {isa = PBXFileReference; fileEncoding = 4; lastKnownFileType = sourcecode.c.h; path = global_types.h; sourceTree = "<group>"; };
		3491A31723C57815008010C8 /* systembehavior.h */ = {isa = PBXFileReference; fileEncoding = 4; lastKnownFileType = sourcecode.c.h; path = systembehavior.h; sourceTree = "<group>"; };
		3491A31823C57815008010C8 /* systemmanager.h */ = {isa = PBXFileReference; fileEncoding = 4; lastKnownFileType = sourcecode.c.h; path = systemmanager.h; sourceTree = "<group>"; };
		3491A31923C57815008010C8 /* systembridge.h */ = {isa = PBXFileReference; fileEncoding = 4; lastKnownFileType = sourcecode.c.h; path = systembridge.h; sourceTree = "<group>"; };
		3491A31A23C57815008010C8 /* systembehavior.c */ = {isa = PBXFileReference; fileEncoding = 4; lastKnownFileType = sourcecode.c.c; path = systembehavior.c; sourceTree = "<group>"; };
		3491A31C23C57815008010C8 /* systemmanager.c */ = {isa = PBXFileReference; fileEncoding = 4; lastKnownFileType = sourcecode.c.c; path = systemmanager.c; sourceTree = "<group>"; };
		3491A32123C57815008010C8 /* sysiocontroller.c */ = {isa = PBXFileReference; fileEncoding = 4; lastKnownFileType = sourcecode.c.c; path = sysiocontroller.c; sourceTree = "<group>"; };
		3491A32323C57815008010C8 /* timestamp.h */ = {isa = PBXFileReference; fileEncoding = 4; lastKnownFileType = sourcecode.c.h; path = timestamp.h; sourceTree = "<group>"; };
		3491A32423C57815008010C8 /* sysiocontroller.h */ = {isa = PBXFileReference; fileEncoding = 4; lastKnownFileType = sourcecode.c.h; path = sysiocontroller.h; sourceTree = "<group>"; };
		3491A32623C57815008010C8 /* profilemanager.h */ = {isa = PBXFileReference; fileEncoding = 4; lastKnownFileType = sourcecode.c.h; path = profilemanager.h; sourceTree = "<group>"; };
		3491A32723C57815008010C8 /* taumanager.c */ = {isa = PBXFileReference; fileEncoding = 4; lastKnownFileType = sourcecode.c.c; path = taumanager.c; sourceTree = "<group>"; };
		3491A32823C57815008010C8 /* os_interface.c */ = {isa = PBXFileReference; fileEncoding = 4; lastKnownFileType = sourcecode.c.c; path = os_interface.c; sourceTree = "<group>"; };
		3491A32923C57815008010C8 /* communicationmanager.h */ = {isa = PBXFileReference; fileEncoding = 4; lastKnownFileType = sourcecode.c.h; path = communicationmanager.h; sourceTree = "<group>"; };
		3491A32A23C57815008010C8 /* profilemanager.c */ = {isa = PBXFileReference; fileEncoding = 4; lastKnownFileType = sourcecode.c.c; path = profilemanager.c; sourceTree = "<group>"; };
		3491A32B23C57815008010C8 /* os_interface.h */ = {isa = PBXFileReference; fileEncoding = 4; lastKnownFileType = sourcecode.c.h; path = os_interface.h; sourceTree = "<group>"; };
		3491A32C23C57815008010C8 /* taumanager.h */ = {isa = PBXFileReference; fileEncoding = 4; lastKnownFileType = sourcecode.c.h; path = taumanager.h; sourceTree = "<group>"; };
		3491A32D23C57815008010C8 /* communicationmanager.c */ = {isa = PBXFileReference; fileEncoding = 4; lastKnownFileType = sourcecode.c.c; path = communicationmanager.c; sourceTree = "<group>"; };
		3491A32F23C57815008010C8 /* application_debug.h */ = {isa = PBXFileReference; fileEncoding = 4; lastKnownFileType = sourcecode.c.h; path = application_debug.h; sourceTree = "<group>"; };
		3491A33423C57815008010C8 /* touchcontroller.h */ = {isa = PBXFileReference; fileEncoding = 4; lastKnownFileType = sourcecode.c.h; path = touchcontroller.h; sourceTree = "<group>"; };
		3491A33523C57815008010C8 /* CPT112S.h */ = {isa = PBXFileReference; fileEncoding = 4; lastKnownFileType = sourcecode.c.h; path = CPT112S.h; sourceTree = "<group>"; };
		3491A34723C57815008010C8 /* rho_client.h */ = {isa = PBXFileReference; fileEncoding = 4; lastKnownFileType = sourcecode.c.h; path = rho_client.h; sourceTree = "<group>"; };
		3491A34823C57815008010C8 /* rho_client.c */ = {isa = PBXFileReference; fileEncoding = 4; lastKnownFileType = sourcecode.c.c; path = rho_client.c; sourceTree = "<group>"; };
		3491A34A23C57815008010C8 /* motionsensor.c */ = {isa = PBXFileReference; fileEncoding = 4; lastKnownFileType = sourcecode.c.c; path = motionsensor.c; sourceTree = "<group>"; };
		3491A34B23C57815008010C8 /* shtp.h */ = {isa = PBXFileReference; fileEncoding = 4; lastKnownFileType = sourcecode.c.h; path = shtp.h; sourceTree = "<group>"; };
		3491A34C23C57815008010C8 /* sh2.h */ = {isa = PBXFileReference; fileEncoding = 4; lastKnownFileType = sourcecode.c.h; path = sh2.h; sourceTree = "<group>"; };
		3491A34D23C57815008010C8 /* BNO080.h */ = {isa = PBXFileReference; fileEncoding = 4; lastKnownFileType = sourcecode.c.h; path = BNO080.h; sourceTree = "<group>"; };
		3491A34E23C57815008010C8 /* motionsensor.h */ = {isa = PBXFileReference; fileEncoding = 4; lastKnownFileType = sourcecode.c.h; path = motionsensor.h; sourceTree = "<group>"; };
		3491A34F23C57815008010C8 /* shtp.c */ = {isa = PBXFileReference; fileEncoding = 4; lastKnownFileType = sourcecode.c.c; path = shtp.c; sourceTree = "<group>"; };
		3491A35023C57815008010C8 /* BNO080.c */ = {isa = PBXFileReference; fileEncoding = 4; lastKnownFileType = sourcecode.c.c; path = BNO080.c; sourceTree = "<group>"; };
		3491A35223C57815008010C8 /* STC3100.h */ = {isa = PBXFileReference; fileEncoding = 4; lastKnownFileType = sourcecode.c.h; path = STC3100.h; sourceTree = "<group>"; };
		3491A35323C57815008010C8 /* batterymonitor.c */ = {isa = PBXFileReference; fileEncoding = 4; lastKnownFileType = sourcecode.c.c; path = batterymonitor.c; sourceTree = "<group>"; };
		3491A35423C57815008010C8 /* batterymonitor.h */ = {isa = PBXFileReference; fileEncoding = 4; lastKnownFileType = sourcecode.c.h; path = batterymonitor.h; sourceTree = "<group>"; };
		3491A35A23C57815008010C8 /* peripheralbridge.h */ = {isa = PBXFileReference; fileEncoding = 4; lastKnownFileType = sourcecode.c.h; path = peripheralbridge.h; sourceTree = "<group>"; };
		3491A35C23C57815008010C8 /* C12_profile.h */ = {isa = PBXFileReference; fileEncoding = 4; lastKnownFileType = sourcecode.c.h; path = C12_profile.h; sourceTree = "<group>"; };
		3491A36F23C57877008010C8 /* kalman.h */ = {isa = PBXFileReference; fileEncoding = 4; lastKnownFileType = sourcecode.c.h; path = kalman.h; sourceTree = "<group>"; };
		3491A37023C57877008010C8 /* kalman.c */ = {isa = PBXFileReference; fileEncoding = 4; lastKnownFileType = sourcecode.c.c; path = kalman.c; sourceTree = "<group>"; };
		3491A37223C57877008010C8 /* kinetic_master.h */ = {isa = PBXFileReference; fileEncoding = 4; lastKnownFileType = sourcecode.c.h; path = kinetic_master.h; sourceTree = "<group>"; };
		3491A37623C57877008010C8 /* kinetic.c */ = {isa = PBXFileReference; fileEncoding = 4; lastKnownFileType = sourcecode.c.c; path = kinetic.c; sourceTree = "<group>"; };
		3491A37823C57877008010C8 /* kinetic.h */ = {isa = PBXFileReference; fileEncoding = 4; lastKnownFileType = sourcecode.c.h; path = kinetic.h; sourceTree = "<group>"; };
		3491A37A23C57877008010C8 /* matvec.c */ = {isa = PBXFileReference; fileEncoding = 4; lastKnownFileType = sourcecode.c.c; path = matvec.c; sourceTree = "<group>"; };
		3491A37B23C57877008010C8 /* point.h */ = {isa = PBXFileReference; fileEncoding = 4; lastKnownFileType = sourcecode.c.h; path = point.h; sourceTree = "<group>"; };
		3491A37C23C57877008010C8 /* vector.c */ = {isa = PBXFileReference; fileEncoding = 4; lastKnownFileType = sourcecode.c.c; path = vector.c; sourceTree = "<group>"; };
		3491A37D23C57877008010C8 /* quaternion.h */ = {isa = PBXFileReference; fileEncoding = 4; lastKnownFileType = sourcecode.c.h; path = quaternion.h; sourceTree = "<group>"; };
		3491A37E23C57877008010C8 /* qmath.h */ = {isa = PBXFileReference; fileEncoding = 4; lastKnownFileType = sourcecode.c.h; path = qmath.h; sourceTree = "<group>"; };
		3491A37F23C57877008010C8 /* point.c */ = {isa = PBXFileReference; fileEncoding = 4; lastKnownFileType = sourcecode.c.c; path = point.c; sourceTree = "<group>"; };
		3491A38023C57877008010C8 /* qmath_types.h */ = {isa = PBXFileReference; fileEncoding = 4; lastKnownFileType = sourcecode.c.h; path = qmath_types.h; sourceTree = "<group>"; };
		3491A38123C57877008010C8 /* matvec.h */ = {isa = PBXFileReference; fileEncoding = 4; lastKnownFileType = sourcecode.c.h; path = matvec.h; sourceTree = "<group>"; };
		3491A38223C57877008010C8 /* vector.h */ = {isa = PBXFileReference; fileEncoding = 4; lastKnownFileType = sourcecode.c.h; path = vector.h; sourceTree = "<group>"; };
		3491A38323C57877008010C8 /* quaternion.c */ = {isa = PBXFileReference; fileEncoding = 4; lastKnownFileType = sourcecode.c.c; path = quaternion.c; sourceTree = "<group>"; };
		3491A38C23C578F5008010C8 /* global_log.h */ = {isa = PBXFileReference; fileEncoding = 4; lastKnownFileType = sourcecode.c.h; path = global_log.h; sourceTree = "<group>"; };
		3491A38D23C57CB0008010C8 /* global_config.h */ = {isa = PBXFileReference; lastKnownFileType = sourcecode.c.h; path = global_config.h; sourceTree = "<group>"; };
		34959B1C24C1345200DF3357 /* timestamp.c */ = {isa = PBXFileReference; lastKnownFileType = sourcecode.c.c; name = timestamp.c; path = /Users/matthew/Desktop/marbl/Techincal/combine/master/C12_master/app/system/sysiocontroller/timestamp.c; sourceTree = "<absolute>"; };
		34C44285249EDB710022D6DB /* application.c */ = {isa = PBXFileReference; lastKnownFileType = sourcecode.c.c; path = application.c; sourceTree = "<group>"; };
/* End PBXFileReference section */

/* Begin PBXFrameworksBuildPhase section */
		3491A30323C577DD008010C8 /* Frameworks */ = {
			isa = PBXFrameworksBuildPhase;
			buildActionMask = 2147483647;
			files = (
			);
			runOnlyForDeploymentPostprocessing = 0;
		};
/* End PBXFrameworksBuildPhase section */

/* Begin PBXGroup section */
		342C9CD524C9273C0063DC5A /* rtos */ = {
			isa = PBXGroup;
			children = (
				342C9CD624C9273C0063DC5A /* uC-LIB */,
				342C9D0624C9273C0063DC5A /* uC-CPU */,
				342C9E9624C9273C0063DC5A /* uC-OS3 */,
			);
			name = rtos;
			path = app/rtos;
			sourceTree = SOURCE_ROOT;
		};
		342C9CD624C9273C0063DC5A /* uC-LIB */ = {
			isa = PBXGroup;
			children = (
				342C9CDC24C9273C0063DC5A /* Cfg */,
				342C9CE124C9273C0063DC5A /* lib_ascii.c */,
				342C9CD724C9273C0063DC5A /* lib_ascii.h */,
				342C9CE524C9273C0063DC5A /* lib_def.h */,
				342C9CE224C9273C0063DC5A /* lib_math.c */,
				342C9CD824C9273C0063DC5A /* lib_math.h */,
				342C9CDA24C9273C0063DC5A /* lib_mem.c */,
				342C9CE424C9273C0063DC5A /* lib_mem.h */,
				342C9CDB24C9273C0063DC5A /* lib_str.c */,
				342C9CE324C9273C0063DC5A /* lib_str.h */,
				342C9CD924C9273C0063DC5A /* LICENSE */,
				342C9CDF24C9273C0063DC5A /* NOTICE */,
				342C9CE024C9273C0063DC5A /* readme.md */,
			);
			path = "uC-LIB";
			sourceTree = "<group>";
		};
		342C9CDC24C9273C0063DC5A /* Cfg */ = {
			isa = PBXGroup;
			children = (
				342C9CDD24C9273C0063DC5A /* Template */,
			);
			path = Cfg;
			sourceTree = "<group>";
		};
		342C9CDD24C9273C0063DC5A /* Template */ = {
			isa = PBXGroup;
			children = (
				342C9CDE24C9273C0063DC5A /* lib_cfg.h */,
			);
			path = Template;
			sourceTree = "<group>";
		};
		342C9D0624C9273C0063DC5A /* uC-CPU */ = {
			isa = PBXGroup;
			children = (
				342C9DD424C9273C0063DC5A /* Cfg */,
				342C9DAE24C9273C0063DC5A /* cpu_cache.h */,
				342C9DFB24C9273C0063DC5A /* cpu_core.c */,
				342C9D1424C9273C0063DC5A /* cpu_core.h */,
				342C9D1B24C9273C0063DC5A /* cpu_def.h */,
				342C9D7724C9273C0063DC5A /* LICENSE */,
				342C9DDF24C9273C0063DC5A /* NOTICE */,
				342C9D1C24C9273C0063DC5A /* Posix */,
				342C9DE024C9273C0063DC5A /* readme.md */,
			);
			path = "uC-CPU";
			sourceTree = "<group>";
		};
		342C9D1C24C9273C0063DC5A /* Posix */ = {
			isa = PBXGroup;
			children = (
				342C9D1D24C9273C0063DC5A /* GNU */,
			);
			path = Posix;
			sourceTree = "<group>";
		};
		342C9D1D24C9273C0063DC5A /* GNU */ = {
			isa = PBXGroup;
			children = (
				342C9D1E24C9273C0063DC5A /* cpu_c.c */,
				342C9D1F24C9273C0063DC5A /* cpu.h */,
			);
			path = GNU;
			sourceTree = "<group>";
		};
		342C9DD424C9273C0063DC5A /* Cfg */ = {
			isa = PBXGroup;
			children = (
				342C9DD524C9273C0063DC5A /* Template */,
			);
			path = Cfg;
			sourceTree = "<group>";
		};
		342C9DD524C9273C0063DC5A /* Template */ = {
			isa = PBXGroup;
			children = (
				342C9DD624C9273C0063DC5A /* cpu_cfg.h */,
			);
			path = Template;
			sourceTree = "<group>";
		};
		342C9E9624C9273C0063DC5A /* uC-OS3 */ = {
			isa = PBXGroup;
			children = (
				342C9EB524C9273C0063DC5A /* NOTICE */,
				342C9E9924C9273C0063DC5A /* LICENSE */,
				342C9EB624C9273C0063DC5A /* readme.md */,
				342C9EAF24C9273C0063DC5A /* Cfg */,
				342C9EBE24C9273C0063DC5A /* Ports */,
				342C9E9A24C9273C0063DC5A /* Source */,
				342C9E9724C9273C0063DC5A /* Trace */,
			);
			path = "uC-OS3";
			sourceTree = "<group>";
		};
		342C9E9724C9273C0063DC5A /* Trace */ = {
			isa = PBXGroup;
			children = (
				342C9E9824C9273C0063DC5A /* readme.txt */,
			);
			path = Trace;
			sourceTree = "<group>";
		};
		342C9E9A24C9273C0063DC5A /* Source */ = {
			isa = PBXGroup;
			children = (
				342C9E9B24C9273C0063DC5A /* __dbg_uCOS-III.c */,
				342C9E9C24C9273C0063DC5A /* os_type.h */,
				342C9E9D24C9273C0063DC5A /* os_sem.c */,
				342C9E9E24C9273C0063DC5A /* os_trace.h */,
				342C9E9F24C9273C0063DC5A /* os.h */,
				342C9EA024C9273C0063DC5A /* os_var.c */,
				342C9EA124C9273C0063DC5A /* os_q.c */,
				342C9EA224C9273C0063DC5A /* os_cfg_app.c */,
				342C9EA324C9273C0063DC5A /* os_mutex.c */,
				342C9EA424C9273C0063DC5A /* os_msg.c */,
				342C9EA524C9273C0063DC5A /* os_time.c */,
				342C9EA624C9273C0063DC5A /* os_core.c */,
				342C9EA724C9273C0063DC5A /* os_task.c */,
				342C9EA824C9273C0063DC5A /* os_dbg.c */,
				342C9EA924C9273C0063DC5A /* os_prio.c */,
				342C9EAA24C9273C0063DC5A /* os_tick.c */,
				342C9EAB24C9273C0063DC5A /* os_flag.c */,
				342C9EAC24C9273C0063DC5A /* os_tmr.c */,
				342C9EAD24C9273C0063DC5A /* os_mem.c */,
				342C9EAE24C9273C0063DC5A /* os_stat.c */,
			);
			path = Source;
			sourceTree = "<group>";
		};
		342C9EAF24C9273C0063DC5A /* Cfg */ = {
			isa = PBXGroup;
			children = (
				342C9EB024C9273C0063DC5A /* Template */,
			);
			path = Cfg;
			sourceTree = "<group>";
		};
		342C9EB024C9273C0063DC5A /* Template */ = {
			isa = PBXGroup;
			children = (
				342C9EB324C9273C0063DC5A /* os_app_hooks.h */,
				342C9EB124C9273C0063DC5A /* os_app_hooks.c */,
				342C9EB224C9273C0063DC5A /* os_cfg.h */,
				342C9EB424C9273C0063DC5A /* os_cfg_app.h */,
			);
			path = Template;
			sourceTree = "<group>";
		};
		342C9EBE24C9273C0063DC5A /* Ports */ = {
			isa = PBXGroup;
			children = (
				342C9ECB24C9273C0063DC5A /* POSIX */,
			);
			path = Ports;
			sourceTree = "<group>";
		};
		342C9ECB24C9273C0063DC5A /* POSIX */ = {
			isa = PBXGroup;
			children = (
				342C9ECC24C9273C0063DC5A /* GNU */,
			);
			path = POSIX;
			sourceTree = "<group>";
		};
		342C9ECC24C9273C0063DC5A /* GNU */ = {
			isa = PBXGroup;
			children = (
				342C9ECD24C9273C0063DC5A /* os_cpu.h */,
				342C9ECE24C9273C0063DC5A /* os_cpu_c.c */,
			);
			path = GNU;
			sourceTree = "<group>";
		};
		347D9BF924AE9362006C9FC4 /* drivers */ = {
			isa = PBXGroup;
			children = (
				347D9BFA24AE9362006C9FC4 /* hapticcontroller */,
			);
			path = drivers;
			sourceTree = "<group>";
		};
		347D9BFA24AE9362006C9FC4 /* hapticcontroller */ = {
			isa = PBXGroup;
			children = (
				347D9BFB24AE9362006C9FC4 /* DRV2605.h */,
				347D9BFD24AE9362006C9FC4 /* DRV2605.c */,
				347D9BFC24AE9362006C9FC4 /* hapticcontroller.h */,
			);
			path = hapticcontroller;
			sourceTree = "<group>";
		};
		347F720E23D3A45600427FD0 /* application */ = {
			isa = PBXGroup;
			children = (
				347F720C23D383C200427FD0 /* application_types.h */,
				347F720D23D3A34400427FD0 /* application.h */,
				34C44285249EDB710022D6DB /* application.c */,
				347F720F23D3A5C500427FD0 /* tau */,
				3491A32E23C57815008010C8 /* debug */,
			);
			path = application;
			sourceTree = "<group>";
		};
		347F720F23D3A5C500427FD0 /* tau */ = {
			isa = PBXGroup;
			children = (
				3491A32C23C57815008010C8 /* taumanager.h */,
				3491A32723C57815008010C8 /* taumanager.c */,
				3491A36C23C57877008010C8 /* kinetic */,
			);
			path = tau;
			sourceTree = "<group>";
		};
		348D188E23D8133F002271B6 /* global */ = {
			isa = PBXGroup;
			children = (
				342C963724C392340063DC5A /* master.h */,
				3491A38C23C578F5008010C8 /* global_log.h */,
				3491A38D23C57CB0008010C8 /* global_config.h */,
				3491A31423C57815008010C8 /* global_types.h */,
			);
			path = global;
			sourceTree = "<group>";
		};
		348D188F23D8135A002271B6 /* port */ = {
			isa = PBXGroup;
			children = (
				342C963224C38A170063DC5A /* port_master.h */,
				347F720B23D381E900427FD0 /* micrium_interface.h */,
				3431DBFA23E6104800392FD4 /* emlib_interface.h */,
			);
			path = port;
			sourceTree = "<group>";
		};
		3491A2FD23C577DD008010C8 = {
			isa = PBXGroup;
			children = (
				3491A30823C577DD008010C8 /* app */,
				3491A30723C577DD008010C8 /* Products */,
			);
			sourceTree = "<group>";
		};
		3491A30723C577DD008010C8 /* Products */ = {
			isa = PBXGroup;
			children = (
				3491A30623C577DD008010C8 /* app */,
			);
			name = Products;
			sourceTree = "<group>";
		};
		3491A30823C577DD008010C8 /* app */ = {
			isa = PBXGroup;
			children = (
				3491A35C23C57815008010C8 /* C12_profile.h */,
				3491A31023C57814008010C8 /* main.c */,
				347F720E23D3A45600427FD0 /* application */,
				348D188E23D8133F002271B6 /* global */,
				3491A33123C57815008010C8 /* peripherals */,
				342C9CD524C9273C0063DC5A /* rtos */,
				3491A31123C57815008010C8 /* system */,
			);
			path = app;
			sourceTree = "<group>";
		};
		3491A31123C57815008010C8 /* system */ = {
			isa = PBXGroup;
			children = (
				348D188F23D8135A002271B6 /* port */,
				3491A31523C57815008010C8 /* core */,
				3491A31F23C57815008010C8 /* sysiocontroller */,
				3491A32523C57815008010C8 /* interfaces */,
			);
			path = system;
			sourceTree = "<group>";
		};
		3491A31523C57815008010C8 /* core */ = {
			isa = PBXGroup;
			children = (
				3491A31323C57815008010C8 /* systemtypes.h */,
				3491A31923C57815008010C8 /* systembridge.h */,
				3491A31723C57815008010C8 /* systembehavior.h */,
				3491A31A23C57815008010C8 /* systembehavior.c */,
				3491A31823C57815008010C8 /* systemmanager.h */,
				3491A31C23C57815008010C8 /* systemmanager.c */,
			);
			path = core;
			sourceTree = "<group>";
		};
		3491A31F23C57815008010C8 /* sysiocontroller */ = {
			isa = PBXGroup;
			children = (
				3491A32423C57815008010C8 /* sysiocontroller.h */,
				3491A32123C57815008010C8 /* sysiocontroller.c */,
				3491A32323C57815008010C8 /* timestamp.h */,
				34959B1C24C1345200DF3357 /* timestamp.c */,
			);
			path = sysiocontroller;
			sourceTree = "<group>";
		};
		3491A32523C57815008010C8 /* interfaces */ = {
			isa = PBXGroup;
			children = (
				3491A32923C57815008010C8 /* communicationmanager.h */,
				3491A32D23C57815008010C8 /* communicationmanager.c */,
				3491A32623C57815008010C8 /* profilemanager.h */,
				3491A32A23C57815008010C8 /* profilemanager.c */,
				3491A32B23C57815008010C8 /* os_interface.h */,
				3491A32823C57815008010C8 /* os_interface.c */,
				3431DBF723E60F9A00392FD4 /* papi_interface.h */,
				3431DBF823E60F9A00392FD4 /* papi_interface.c */,
			);
			path = interfaces;
			sourceTree = "<group>";
		};
		3491A32E23C57815008010C8 /* debug */ = {
			isa = PBXGroup;
			children = (
				3491A32F23C57815008010C8 /* application_debug.h */,
			);
			path = debug;
			sourceTree = "<group>";
		};
		3491A33123C57815008010C8 /* peripherals */ = {
			isa = PBXGroup;
			children = (
				3491A35A23C57815008010C8 /* peripheralbridge.h */,
				347D9BF924AE9362006C9FC4 /* drivers */,
				3491A33223C57815008010C8 /* sensors */,
			);
			path = peripherals;
			sourceTree = "<group>";
		};
		3491A33223C57815008010C8 /* sensors */ = {
			isa = PBXGroup;
			children = (
				3491A33323C57815008010C8 /* touchcontroller */,
				3491A34623C57815008010C8 /* rhoclient */,
				3491A34923C57815008010C8 /* motionsensor */,
				3491A35123C57815008010C8 /* batterymonitor */,
			);
			path = sensors;
			sourceTree = "<group>";
		};
		3491A33323C57815008010C8 /* touchcontroller */ = {
			isa = PBXGroup;
			children = (
				3491A33523C57815008010C8 /* CPT112S.h */,
				3491A33423C57815008010C8 /* touchcontroller.h */,
			);
			path = touchcontroller;
			sourceTree = "<group>";
		};
		3491A34623C57815008010C8 /* rhoclient */ = {
			isa = PBXGroup;
			children = (
				3491A34723C57815008010C8 /* rho_client.h */,
				3491A34823C57815008010C8 /* rho_client.c */,
			);
			path = rhoclient;
			sourceTree = "<group>";
		};
		3491A34923C57815008010C8 /* motionsensor */ = {
			isa = PBXGroup;
			children = (
				3491A34C23C57815008010C8 /* sh2.h */,
				3491A34B23C57815008010C8 /* shtp.h */,
				3491A34F23C57815008010C8 /* shtp.c */,
				3491A34D23C57815008010C8 /* BNO080.h */,
				3491A35023C57815008010C8 /* BNO080.c */,
				3491A34E23C57815008010C8 /* motionsensor.h */,
				3491A34A23C57815008010C8 /* motionsensor.c */,
			);
			path = motionsensor;
			sourceTree = "<group>";
		};
		3491A35123C57815008010C8 /* batterymonitor */ = {
			isa = PBXGroup;
			children = (
				3491A35223C57815008010C8 /* STC3100.h */,
				3491A35423C57815008010C8 /* batterymonitor.h */,
				3491A35323C57815008010C8 /* batterymonitor.c */,
			);
			path = batterymonitor;
			sourceTree = "<group>";
		};
		3491A36C23C57877008010C8 /* kinetic */ = {
			isa = PBXGroup;
			children = (
				3491A37223C57877008010C8 /* kinetic_master.h */,
				3491A37823C57877008010C8 /* kinetic.h */,
				3491A37623C57877008010C8 /* kinetic.c */,
				3491A36E23C57877008010C8 /* filters */,
				3491A37923C57877008010C8 /* qmath */,
			);
			path = kinetic;
			sourceTree = "<group>";
		};
		3491A36E23C57877008010C8 /* filters */ = {
			isa = PBXGroup;
			children = (
				3491A36F23C57877008010C8 /* kalman.h */,
				3491A37023C57877008010C8 /* kalman.c */,
			);
			path = filters;
			sourceTree = "<group>";
		};
		3491A37923C57877008010C8 /* qmath */ = {
			isa = PBXGroup;
			children = (
				3491A38023C57877008010C8 /* qmath_types.h */,
				3491A37E23C57877008010C8 /* qmath.h */,
				3491A38123C57877008010C8 /* matvec.h */,
				3491A37A23C57877008010C8 /* matvec.c */,
				3491A37D23C57877008010C8 /* quaternion.h */,
				3491A38323C57877008010C8 /* quaternion.c */,
				3491A37B23C57877008010C8 /* point.h */,
				3491A37F23C57877008010C8 /* point.c */,
				3491A38223C57877008010C8 /* vector.h */,
				3491A37C23C57877008010C8 /* vector.c */,
			);
			path = qmath;
			sourceTree = "<group>";
		};
/* End PBXGroup section */

/* Begin PBXNativeTarget section */
		3491A30523C577DD008010C8 /* app */ = {
			isa = PBXNativeTarget;
			buildConfigurationList = 3491A30D23C577DD008010C8 /* Build configuration list for PBXNativeTarget "app" */;
			buildPhases = (
				3491A30223C577DD008010C8 /* Sources */,
				3491A30323C577DD008010C8 /* Frameworks */,
				3491A30423C577DD008010C8 /* CopyFiles */,
			);
			buildRules = (
			);
			dependencies = (
			);
			name = app;
			productName = app;
			productReference = 3491A30623C577DD008010C8 /* app */;
			productType = "com.apple.product-type.tool";
		};
/* End PBXNativeTarget section */

/* Begin PBXProject section */
		3491A2FE23C577DD008010C8 /* Project object */ = {
			isa = PBXProject;
			attributes = {
				LastUpgradeCheck = 1130;
				ORGANIZATIONNAME = "Matthew Fonken";
				TargetAttributes = {
					3491A30523C577DD008010C8 = {
						CreatedOnToolsVersion = 11.3;
					};
				};
			};
			buildConfigurationList = 3491A30123C577DD008010C8 /* Build configuration list for PBXProject "app" */;
			compatibilityVersion = "Xcode 9.3";
			developmentRegion = en;
			hasScannedForEncodings = 0;
			knownRegions = (
				en,
				Base,
			);
			mainGroup = 3491A2FD23C577DD008010C8;
			productRefGroup = 3491A30723C577DD008010C8 /* Products */;
			projectDirPath = "";
			projectRoot = "";
			targets = (
				3491A30523C577DD008010C8 /* app */,
			);
		};
/* End PBXProject section */

/* Begin PBXSourcesBuildPhase section */
		3491A30223C577DD008010C8 /* Sources */ = {
			isa = PBXSourcesBuildPhase;
			buildActionMask = 2147483647;
			files = (
				342CA05424C9273D0063DC5A /* os_msg.c in Sources */,
				342CA04F24C9273D0063DC5A /* os_sem.c in Sources */,
				342CA02E24C9273D0063DC5A /* cpu_core.c in Sources */,
				342C9FE424C9273D0063DC5A /* lib_str.c in Sources */,
				342CA05A24C9273D0063DC5A /* os_tick.c in Sources */,
				342CA05824C9273D0063DC5A /* os_dbg.c in Sources */,
				3491A38523C57877008010C8 /* kalman.c in Sources */,
				3491A36823C57815008010C8 /* shtp.c in Sources */,
				3491A38923C57877008010C8 /* vector.c in Sources */,
				3491A36323C57815008010C8 /* os_interface.c in Sources */,
				3491A36423C57815008010C8 /* profilemanager.c in Sources */,
				3491A38B23C57877008010C8 /* quaternion.c in Sources */,
				342C9FF524C9273D0063DC5A /* cpu_c.c in Sources */,
				3491A36523C57815008010C8 /* communicationmanager.c in Sources */,
				342CA05324C9273D0063DC5A /* os_mutex.c in Sources */,
				342CA05F24C9273D0063DC5A /* os_app_hooks.c in Sources */,
				3491A36723C57815008010C8 /* motionsensor.c in Sources */,
				342CA05C24C9273D0063DC5A /* os_tmr.c in Sources */,
				342CA05724C9273D0063DC5A /* os_task.c in Sources */,
				342CA05524C9273D0063DC5A /* os_time.c in Sources */,
				3431DBF923E60F9A00392FD4 /* papi_interface.c in Sources */,
				342C9FE624C9273D0063DC5A /* lib_math.c in Sources */,
				342CA05E24C9273D0063DC5A /* os_stat.c in Sources */,
				3491A38723C57877008010C8 /* kinetic.c in Sources */,
				342CA05624C9273D0063DC5A /* os_core.c in Sources */,
				3491A36A23C57815008010C8 /* batterymonitor.c in Sources */,
				342CA05024C9273D0063DC5A /* os_var.c in Sources */,
				347D9BFE24AE9362006C9FC4 /* DRV2605.c in Sources */,
				34959B1D24C1345200DF3357 /* timestamp.c in Sources */,
				34C44286249EDB710022D6DB /* application.c in Sources */,
				342CA04E24C9273D0063DC5A /* __dbg_uCOS-III.c in Sources */,
				3491A36223C57815008010C8 /* taumanager.c in Sources */,
				3491A35E23C57815008010C8 /* systembehavior.c in Sources */,
				342CA06624C9273D0063DC5A /* os_cpu_c.c in Sources */,
				342CA05924C9273D0063DC5A /* os_prio.c in Sources */,
				3491A38823C57877008010C8 /* matvec.c in Sources */,
				342CA05124C9273D0063DC5A /* os_q.c in Sources */,
				342CA05224C9273D0063DC5A /* os_cfg_app.c in Sources */,
				342CA05D24C9273D0063DC5A /* os_mem.c in Sources */,
				3491A36123C57815008010C8 /* sysiocontroller.c in Sources */,
				3491A38A23C57877008010C8 /* point.c in Sources */,
				3491A35D23C57815008010C8 /* main.c in Sources */,
				342CA05B24C9273D0063DC5A /* os_flag.c in Sources */,
				3491A36923C57815008010C8 /* BNO080.c in Sources */,
				3491A36623C57815008010C8 /* rho_client.c in Sources */,
				342C9FE524C9273D0063DC5A /* lib_ascii.c in Sources */,
				3491A36023C57815008010C8 /* systemmanager.c in Sources */,
				342C9FE324C9273D0063DC5A /* lib_mem.c in Sources */,
			);
			runOnlyForDeploymentPostprocessing = 0;
		};
/* End PBXSourcesBuildPhase section */

/* Begin XCBuildConfiguration section */
		3491A30B23C577DD008010C8 /* Debug */ = {
			isa = XCBuildConfiguration;
			buildSettings = {
				ALWAYS_SEARCH_USER_PATHS = YES;
				CLANG_ANALYZER_NONNULL = YES;
				CLANG_ANALYZER_NUMBER_OBJECT_CONVERSION = YES_AGGRESSIVE;
				CLANG_CXX_LANGUAGE_STANDARD = "gnu++14";
				CLANG_CXX_LIBRARY = "libc++";
				CLANG_ENABLE_MODULES = YES;
				CLANG_ENABLE_OBJC_ARC = YES;
				CLANG_ENABLE_OBJC_WEAK = YES;
				CLANG_WARN_BLOCK_CAPTURE_AUTORELEASING = YES;
				CLANG_WARN_BOOL_CONVERSION = YES;
				CLANG_WARN_COMMA = YES;
				CLANG_WARN_CONSTANT_CONVERSION = YES;
				CLANG_WARN_DEPRECATED_OBJC_IMPLEMENTATIONS = YES;
				CLANG_WARN_DIRECT_OBJC_ISA_USAGE = YES_ERROR;
				CLANG_WARN_DOCUMENTATION_COMMENTS = YES;
				CLANG_WARN_EMPTY_BODY = YES;
				CLANG_WARN_ENUM_CONVERSION = YES;
				CLANG_WARN_INFINITE_RECURSION = YES;
				CLANG_WARN_INT_CONVERSION = YES;
				CLANG_WARN_NON_LITERAL_NULL_CONVERSION = YES;
				CLANG_WARN_OBJC_IMPLICIT_RETAIN_SELF = YES;
				CLANG_WARN_OBJC_LITERAL_CONVERSION = YES;
				CLANG_WARN_OBJC_ROOT_CLASS = YES_ERROR;
				CLANG_WARN_RANGE_LOOP_ANALYSIS = YES;
				CLANG_WARN_STRICT_PROTOTYPES = YES;
				CLANG_WARN_SUSPICIOUS_MOVE = YES;
				CLANG_WARN_UNGUARDED_AVAILABILITY = YES_AGGRESSIVE;
				CLANG_WARN_UNREACHABLE_CODE = YES;
				CLANG_WARN__DUPLICATE_METHOD_MATCH = YES;
				COPY_PHASE_STRIP = NO;
				DEBUG_INFORMATION_FORMAT = dwarf;
				ENABLE_STRICT_OBJC_MSGSEND = YES;
				ENABLE_TESTABILITY = YES;
				GCC_C_LANGUAGE_STANDARD = gnu11;
				GCC_DYNAMIC_NO_PIC = NO;
				GCC_NO_COMMON_BLOCKS = YES;
				GCC_OPTIMIZATION_LEVEL = 0;
				GCC_PREPROCESSOR_DEFINITIONS = (
					"DEBUG=1",
					"$(inherited)",
					"RLIMIT_RTPRIO=14",
				);
				GCC_WARN_64_TO_32_BIT_CONVERSION = YES;
				GCC_WARN_ABOUT_RETURN_TYPE = YES_ERROR;
				GCC_WARN_UNDECLARED_SELECTOR = YES;
				GCC_WARN_UNINITIALIZED_AUTOS = YES_AGGRESSIVE;
				GCC_WARN_UNUSED_FUNCTION = YES;
				GCC_WARN_UNUSED_VARIABLE = YES;
				HEADER_SEARCH_PATHS = "/Users/matthew/Desktop/marbl/Techincal/combine/master/rtos/**";
				INCLUDED_RECURSIVE_SEARCH_PATH_SUBDIRECTORIES = "";
				LIBRARY_SEARCH_PATHS = "/Users/matthew/Desktop/marbl/Techincal/combine/master/rtos/**";
				MACOSX_DEPLOYMENT_TARGET = 10.14;
				MTL_ENABLE_DEBUG_INFO = INCLUDE_SOURCE;
				MTL_FAST_MATH = YES;
				ONLY_ACTIVE_ARCH = YES;
				SDKROOT = macosx;
			};
			name = Debug;
		};
		3491A30C23C577DD008010C8 /* Release */ = {
			isa = XCBuildConfiguration;
			buildSettings = {
				ALWAYS_SEARCH_USER_PATHS = YES;
				CLANG_ANALYZER_NONNULL = YES;
				CLANG_ANALYZER_NUMBER_OBJECT_CONVERSION = YES_AGGRESSIVE;
				CLANG_CXX_LANGUAGE_STANDARD = "gnu++14";
				CLANG_CXX_LIBRARY = "libc++";
				CLANG_ENABLE_MODULES = YES;
				CLANG_ENABLE_OBJC_ARC = YES;
				CLANG_ENABLE_OBJC_WEAK = YES;
				CLANG_WARN_BLOCK_CAPTURE_AUTORELEASING = YES;
				CLANG_WARN_BOOL_CONVERSION = YES;
				CLANG_WARN_COMMA = YES;
				CLANG_WARN_CONSTANT_CONVERSION = YES;
				CLANG_WARN_DEPRECATED_OBJC_IMPLEMENTATIONS = YES;
				CLANG_WARN_DIRECT_OBJC_ISA_USAGE = YES_ERROR;
				CLANG_WARN_DOCUMENTATION_COMMENTS = YES;
				CLANG_WARN_EMPTY_BODY = YES;
				CLANG_WARN_ENUM_CONVERSION = YES;
				CLANG_WARN_INFINITE_RECURSION = YES;
				CLANG_WARN_INT_CONVERSION = YES;
				CLANG_WARN_NON_LITERAL_NULL_CONVERSION = YES;
				CLANG_WARN_OBJC_IMPLICIT_RETAIN_SELF = YES;
				CLANG_WARN_OBJC_LITERAL_CONVERSION = YES;
				CLANG_WARN_OBJC_ROOT_CLASS = YES_ERROR;
				CLANG_WARN_RANGE_LOOP_ANALYSIS = YES;
				CLANG_WARN_STRICT_PROTOTYPES = YES;
				CLANG_WARN_SUSPICIOUS_MOVE = YES;
				CLANG_WARN_UNGUARDED_AVAILABILITY = YES_AGGRESSIVE;
				CLANG_WARN_UNREACHABLE_CODE = YES;
				CLANG_WARN__DUPLICATE_METHOD_MATCH = YES;
				COPY_PHASE_STRIP = NO;
				DEBUG_INFORMATION_FORMAT = "dwarf-with-dsym";
				ENABLE_NS_ASSERTIONS = NO;
				ENABLE_STRICT_OBJC_MSGSEND = YES;
				GCC_C_LANGUAGE_STANDARD = gnu11;
				GCC_NO_COMMON_BLOCKS = YES;
				GCC_WARN_64_TO_32_BIT_CONVERSION = YES;
				GCC_WARN_ABOUT_RETURN_TYPE = YES_ERROR;
				GCC_WARN_UNDECLARED_SELECTOR = YES;
				GCC_WARN_UNINITIALIZED_AUTOS = YES_AGGRESSIVE;
				GCC_WARN_UNUSED_FUNCTION = YES;
				GCC_WARN_UNUSED_VARIABLE = YES;
				HEADER_SEARCH_PATHS = "/Users/matthew/Desktop/marbl/Techincal/combine/master/rtos/**";
				INCLUDED_RECURSIVE_SEARCH_PATH_SUBDIRECTORIES = "";
				LIBRARY_SEARCH_PATHS = "/Users/matthew/Desktop/marbl/Techincal/combine/master/rtos/**";
				MACOSX_DEPLOYMENT_TARGET = 10.14;
				MTL_ENABLE_DEBUG_INFO = NO;
				MTL_FAST_MATH = YES;
				SDKROOT = macosx;
			};
			name = Release;
		};
		3491A30E23C577DD008010C8 /* Debug */ = {
			isa = XCBuildConfiguration;
			buildSettings = {
				CODE_SIGN_STYLE = Automatic;
				GCC_PREPROCESSOR_DEFINITIONS = (
					"DEBUG=1",
					"__OS__=MICRIUM",
					"__PAPI__=EMLIB",
					"__PLATFORM__=EFR32",
					"APP_MAIN=1",
					"$(inherited)",
					__XCODE__,
					__MICRIUM__,
				);
				HEADER_SEARCH_PATHS = "app/rtos/**";
				PRODUCT_NAME = "$(TARGET_NAME)";
			};
			name = Debug;
		};
		3491A30F23C577DD008010C8 /* Release */ = {
			isa = XCBuildConfiguration;
			buildSettings = {
				CODE_SIGN_STYLE = Automatic;
				HEADER_SEARCH_PATHS = "app/rtos/**";
				PRODUCT_NAME = "$(TARGET_NAME)";
			};
			name = Release;
		};
/* End XCBuildConfiguration section */

/* Begin XCConfigurationList section */
		3491A30123C577DD008010C8 /* Build configuration list for PBXProject "app" */ = {
			isa = XCConfigurationList;
			buildConfigurations = (
				3491A30B23C577DD008010C8 /* Debug */,
				3491A30C23C577DD008010C8 /* Release */,
			);
			defaultConfigurationIsVisible = 0;
			defaultConfigurationName = Release;
		};
		3491A30D23C577DD008010C8 /* Build configuration list for PBXNativeTarget "app" */ = {
			isa = XCConfigurationList;
			buildConfigurations = (
				3491A30E23C577DD008010C8 /* Debug */,
				3491A30F23C577DD008010C8 /* Release */,
			);
			defaultConfigurationIsVisible = 0;
			defaultConfigurationName = Release;
		};
/* End XCConfigurationList section */
	};
	rootObject = 3491A2FE23C577DD008010C8 /* Project object */;
}
