// !$*UTF8*$!
{
	archiveVersion = 1;
	classes = {
	};
	objectVersion = 46;
	objects = {

/* Begin PBXBuildFile section */
		4991FD081FBD0F1A0025EA57 /* main.cpp in Sources */ = {isa = PBXBuildFile; fileRef = 4991FD071FBD0F1A0025EA57 /* main.cpp */; };
		49B0790C2015CC61008FCFDD /* combine.cpp in Sources */ = {isa = PBXBuildFile; fileRef = 49B078ED2015CC61008FCFDD /* combine.cpp */; };
		49B0790D2015CC61008FCFDD /* combine_utility.cpp in Sources */ = {isa = PBXBuildFile; fileRef = 49B078EF2015CC61008FCFDD /* combine_utility.cpp */; };
		49B0790E2015CC61008FCFDD /* kalman.c in Sources */ = {isa = PBXBuildFile; fileRef = 49B078F52015CC61008FCFDD /* kalman.c */; };
		49B0790F2015CC61008FCFDD /* imu_wrapper.c in Sources */ = {isa = PBXBuildFile; fileRef = 49B078F92015CC61008FCFDD /* imu_wrapper.c */; };
		49B079102015CC61008FCFDD /* kinetic.c in Sources */ = {isa = PBXBuildFile; fileRef = 49B078FA2015CC61008FCFDD /* kinetic.c */; };
		49B079112015CC61008FCFDD /* vector.c in Sources */ = {isa = PBXBuildFile; fileRef = 49B078FE2015CC61008FCFDD /* vector.c */; };
		49B079122015CC61008FCFDD /* point.c in Sources */ = {isa = PBXBuildFile; fileRef = 49B079012015CC61008FCFDD /* point.c */; };
		49B079132015CC61008FCFDD /* quaternion.c in Sources */ = {isa = PBXBuildFile; fileRef = 49B079032015CC61008FCFDD /* quaternion.c */; };
		49B079142015CC61008FCFDD /* unfisheye.cpp in Sources */ = {isa = PBXBuildFile; fileRef = 49B079052015CC61008FCFDD /* unfisheye.cpp */; };
		49B079152015CC61008FCFDD /* image_utility.cpp in Sources */ = {isa = PBXBuildFile; fileRef = 49B079082015CC61008FCFDD /* image_utility.cpp */; };
		49F3DB292016F4110032AD5A /* environment.cpp in Sources */ = {isa = PBXBuildFile; fileRef = 49F3DB1E2016F4110032AD5A /* environment.cpp */; };
		49F3DB2A2016F4110032AD5A /* sercom.c in Sources */ = {isa = PBXBuildFile; fileRef = 49F3DB212016F4110032AD5A /* sercom.c */; };
		49F3DB2B2016F4110032AD5A /* sercom_wrapper.cpp in Sources */ = {isa = PBXBuildFile; fileRef = 49F3DB232016F4110032AD5A /* sercom_wrapper.cpp */; };
		49F3DB2C2016F4110032AD5A /* file_writer.cpp in Sources */ = {isa = PBXBuildFile; fileRef = 49F3DB262016F4110032AD5A /* file_writer.cpp */; };
/* End PBXBuildFile section */

/* Begin PBXCopyFilesBuildPhase section */
		4991FCAE1FBCFF9F0025EA57 /* CopyFiles */ = {
			isa = PBXCopyFilesBuildPhase;
			buildActionMask = 12;
			dstPath = usr/share/man/man1;
			dstSubfolderSpec = 6;
			files = (
			);
			runOnlyForDeploymentPostprocessing = 0;
		};
/* End PBXCopyFilesBuildPhase section */

/* Begin PBXFileReference section */
		4948867D1FD4C487000149C5 /* test_setup.h */ = {isa = PBXFileReference; fileEncoding = 4; lastKnownFileType = sourcecode.c.h; path = test_setup.h; sourceTree = "<group>"; };
		4991FCB01FBCFF9F0025EA57 /* combine_core */ = {isa = PBXFileReference; explicitFileType = "compiled.mach-o.executable"; includeInIndex = 0; path = combine_core; sourceTree = BUILT_PRODUCTS_DIR; };
		4991FD071FBD0F1A0025EA57 /* main.cpp */ = {isa = PBXFileReference; fileEncoding = 4; lastKnownFileType = sourcecode.cpp.cpp; path = main.cpp; sourceTree = "<group>"; };
		49B078ED2015CC61008FCFDD /* combine.cpp */ = {isa = PBXFileReference; fileEncoding = 4; lastKnownFileType = sourcecode.cpp.cpp; path = combine.cpp; sourceTree = "<group>"; };
		49B078EE2015CC61008FCFDD /* combine_master.h */ = {isa = PBXFileReference; fileEncoding = 4; lastKnownFileType = sourcecode.c.h; path = combine_master.h; sourceTree = "<group>"; };
		49B078EF2015CC61008FCFDD /* combine_utility.cpp */ = {isa = PBXFileReference; fileEncoding = 4; lastKnownFileType = sourcecode.cpp.cpp; path = combine_utility.cpp; sourceTree = "<group>"; };
		49B078F02015CC61008FCFDD /* combine_utility.hpp */ = {isa = PBXFileReference; fileEncoding = 4; lastKnownFileType = sourcecode.cpp.h; path = combine_utility.hpp; sourceTree = "<group>"; };
		49B078F12015CC61008FCFDD /* combine.hpp */ = {isa = PBXFileReference; fileEncoding = 4; lastKnownFileType = sourcecode.cpp.h; path = combine.hpp; sourceTree = "<group>"; };
		49B078F42015CC61008FCFDD /* kalman.h */ = {isa = PBXFileReference; fileEncoding = 4; lastKnownFileType = sourcecode.c.h; path = kalman.h; sourceTree = "<group>"; };
		49B078F52015CC61008FCFDD /* kalman.c */ = {isa = PBXFileReference; fileEncoding = 4; lastKnownFileType = sourcecode.c.c; path = kalman.c; sourceTree = "<group>"; };
		49B078F62015CC61008FCFDD /* kinetic_master.h */ = {isa = PBXFileReference; fileEncoding = 4; lastKnownFileType = sourcecode.c.h; path = kinetic_master.h; sourceTree = "<group>"; };
		49B078F82015CC61008FCFDD /* imu_wrapper.h */ = {isa = PBXFileReference; fileEncoding = 4; lastKnownFileType = sourcecode.c.h; path = imu_wrapper.h; sourceTree = "<group>"; };
		49B078F92015CC61008FCFDD /* imu_wrapper.c */ = {isa = PBXFileReference; fileEncoding = 4; lastKnownFileType = sourcecode.c.c; path = imu_wrapper.c; sourceTree = "<group>"; };
		49B078FA2015CC61008FCFDD /* kinetic.c */ = {isa = PBXFileReference; fileEncoding = 4; lastKnownFileType = sourcecode.c.c; path = kinetic.c; sourceTree = "<group>"; };
		49B078FB2015CC61008FCFDD /* kinetic.h */ = {isa = PBXFileReference; fileEncoding = 4; lastKnownFileType = sourcecode.c.h; path = kinetic.h; sourceTree = "<group>"; };
		49B078FD2015CC61008FCFDD /* point.h */ = {isa = PBXFileReference; fileEncoding = 4; lastKnownFileType = sourcecode.c.h; path = point.h; sourceTree = "<group>"; };
		49B078FE2015CC61008FCFDD /* vector.c */ = {isa = PBXFileReference; fileEncoding = 4; lastKnownFileType = sourcecode.c.c; path = vector.c; sourceTree = "<group>"; };
		49B078FF2015CC61008FCFDD /* quaternion.h */ = {isa = PBXFileReference; fileEncoding = 4; lastKnownFileType = sourcecode.c.h; path = quaternion.h; sourceTree = "<group>"; };
		49B079002015CC61008FCFDD /* qmath.h */ = {isa = PBXFileReference; fileEncoding = 4; lastKnownFileType = sourcecode.c.h; path = qmath.h; sourceTree = "<group>"; };
		49B079012015CC61008FCFDD /* point.c */ = {isa = PBXFileReference; fileEncoding = 4; lastKnownFileType = sourcecode.c.c; path = point.c; sourceTree = "<group>"; };
		49B079022015CC61008FCFDD /* vector.h */ = {isa = PBXFileReference; fileEncoding = 4; lastKnownFileType = sourcecode.c.h; path = vector.h; sourceTree = "<group>"; };
		49B079032015CC61008FCFDD /* quaternion.c */ = {isa = PBXFileReference; fileEncoding = 4; lastKnownFileType = sourcecode.c.c; path = quaternion.c; sourceTree = "<group>"; };
		49B079052015CC61008FCFDD /* unfisheye.cpp */ = {isa = PBXFileReference; fileEncoding = 4; lastKnownFileType = sourcecode.cpp.cpp; path = unfisheye.cpp; sourceTree = "<group>"; };
		49B079062015CC61008FCFDD /* open_master.h */ = {isa = PBXFileReference; fileEncoding = 4; lastKnownFileType = sourcecode.c.h; path = open_master.h; sourceTree = "<group>"; };
		49B079072015CC61008FCFDD /* image_utility.hpp */ = {isa = PBXFileReference; fileEncoding = 4; lastKnownFileType = sourcecode.cpp.h; path = image_utility.hpp; sourceTree = "<group>"; };
		49B079082015CC61008FCFDD /* image_utility.cpp */ = {isa = PBXFileReference; fileEncoding = 4; lastKnownFileType = sourcecode.cpp.cpp; path = image_utility.cpp; sourceTree = "<group>"; };
		49B079092015CC61008FCFDD /* global_types.h */ = {isa = PBXFileReference; fileEncoding = 4; lastKnownFileType = sourcecode.c.h; path = global_types.h; sourceTree = "<group>"; };
		49B0790A2015CC61008FCFDD /* open.hpp */ = {isa = PBXFileReference; fileEncoding = 4; lastKnownFileType = sourcecode.cpp.h; path = open.hpp; sourceTree = "<group>"; };
		49B0790B2015CC61008FCFDD /* unfisheye.hpp */ = {isa = PBXFileReference; fileEncoding = 4; lastKnownFileType = sourcecode.cpp.h; path = unfisheye.hpp; sourceTree = "<group>"; };
		49F3DB1E2016F4110032AD5A /* environment.cpp */ = {isa = PBXFileReference; fileEncoding = 4; lastKnownFileType = sourcecode.cpp.cpp; path = environment.cpp; sourceTree = "<group>"; };
		49F3DB202016F4110032AD5A /* file_writer.hpp */ = {isa = PBXFileReference; fileEncoding = 4; lastKnownFileType = sourcecode.cpp.h; path = file_writer.hpp; sourceTree = "<group>"; };
		49F3DB212016F4110032AD5A /* sercom.c */ = {isa = PBXFileReference; fileEncoding = 4; lastKnownFileType = sourcecode.c.c; path = sercom.c; sourceTree = "<group>"; };
		49F3DB222016F4110032AD5A /* sercom_wrapper.hpp */ = {isa = PBXFileReference; fileEncoding = 4; lastKnownFileType = sourcecode.cpp.h; path = sercom_wrapper.hpp; sourceTree = "<group>"; };
		49F3DB232016F4110032AD5A /* sercom_wrapper.cpp */ = {isa = PBXFileReference; fileEncoding = 4; lastKnownFileType = sourcecode.cpp.cpp; path = sercom_wrapper.cpp; sourceTree = "<group>"; };
		49F3DB242016F4110032AD5A /* sercom.h */ = {isa = PBXFileReference; fileEncoding = 4; lastKnownFileType = sourcecode.c.h; path = sercom.h; sourceTree = "<group>"; };
		49F3DB252016F4110032AD5A /* utility_master.h */ = {isa = PBXFileReference; fileEncoding = 4; lastKnownFileType = sourcecode.c.h; path = utility_master.h; sourceTree = "<group>"; };
		49F3DB262016F4110032AD5A /* file_writer.cpp */ = {isa = PBXFileReference; fileEncoding = 4; lastKnownFileType = sourcecode.cpp.cpp; path = file_writer.cpp; sourceTree = "<group>"; };
		49F3DB272016F4110032AD5A /* environment_master.h */ = {isa = PBXFileReference; fileEncoding = 4; lastKnownFileType = sourcecode.c.h; path = environment_master.h; sourceTree = "<group>"; };
		49F3DB282016F4110032AD5A /* environment.hpp */ = {isa = PBXFileReference; fileEncoding = 4; lastKnownFileType = sourcecode.cpp.h; path = environment.hpp; sourceTree = "<group>"; };
/* End PBXFileReference section */

/* Begin PBXFrameworksBuildPhase section */
		4991FCAD1FBCFF9F0025EA57 /* Frameworks */ = {
			isa = PBXFrameworksBuildPhase;
			buildActionMask = 2147483647;
			files = (
			);
			runOnlyForDeploymentPostprocessing = 0;
		};
/* End PBXFrameworksBuildPhase section */

/* Begin PBXGroup section */
		4939F7A21FFB3E53006F13C0 /* Frameworks */ = {
			isa = PBXGroup;
			children = (
			);
			name = Frameworks;
			sourceTree = "<group>";
		};
		4991FCA71FBCFF9F0025EA57 = {
			isa = PBXGroup;
			children = (
				4991FCB21FBCFF9F0025EA57 /* combine_core */,
				4991FCB11FBCFF9F0025EA57 /* Products */,
				4939F7A21FFB3E53006F13C0 /* Frameworks */,
			);
			sourceTree = "<group>";
		};
		4991FCB11FBCFF9F0025EA57 /* Products */ = {
			isa = PBXGroup;
			children = (
				4991FCB01FBCFF9F0025EA57 /* combine_core */,
			);
			name = Products;
			sourceTree = "<group>";
		};
		4991FCB21FBCFF9F0025EA57 /* combine_core */ = {
			isa = PBXGroup;
			children = (
				4991FD071FBD0F1A0025EA57 /* main.cpp */,
				49B078EC2015CC61008FCFDD /* core */,
				49F3DB1D2016F4110032AD5A /* environment */,
				49F3DB1F2016F4110032AD5A /* utilities */,
				4948867D1FD4C487000149C5 /* test_setup.h */,
			);
			path = combine_core;
			sourceTree = "<group>";
		};
		49B078EC2015CC61008FCFDD /* core */ = {
			isa = PBXGroup;
			children = (
				49B078EE2015CC61008FCFDD /* combine_master.h */,
				49B078F12015CC61008FCFDD /* combine.hpp */,
				49B078ED2015CC61008FCFDD /* combine.cpp */,
				49B078EF2015CC61008FCFDD /* combine_utility.cpp */,
				49B078F02015CC61008FCFDD /* combine_utility.hpp */,
				49B078F22015CC61008FCFDD /* kinetic */,
				49B079042015CC61008FCFDD /* open */,
			);
			path = core;
			sourceTree = "<group>";
		};
		49B078F22015CC61008FCFDD /* kinetic */ = {
			isa = PBXGroup;
			children = (
				49B078F62015CC61008FCFDD /* kinetic_master.h */,
				49B078FB2015CC61008FCFDD /* kinetic.h */,
				49B078FA2015CC61008FCFDD /* kinetic.c */,
				49B078F32015CC61008FCFDD /* filters */,
				49B078FC2015CC61008FCFDD /* qmath */,
				49B078F72015CC61008FCFDD /* wrapper */,
			);
			path = kinetic;
			sourceTree = "<group>";
		};
		49B078F32015CC61008FCFDD /* filters */ = {
			isa = PBXGroup;
			children = (
				49B078F42015CC61008FCFDD /* kalman.h */,
				49B078F52015CC61008FCFDD /* kalman.c */,
			);
			path = filters;
			sourceTree = "<group>";
		};
		49B078F72015CC61008FCFDD /* wrapper */ = {
			isa = PBXGroup;
			children = (
				49B078F82015CC61008FCFDD /* imu_wrapper.h */,
				49B078F92015CC61008FCFDD /* imu_wrapper.c */,
			);
			path = wrapper;
			sourceTree = "<group>";
		};
		49B078FC2015CC61008FCFDD /* qmath */ = {
			isa = PBXGroup;
			children = (
				49B079002015CC61008FCFDD /* qmath.h */,
				49B078FD2015CC61008FCFDD /* point.h */,
				49B079012015CC61008FCFDD /* point.c */,
				49B079022015CC61008FCFDD /* vector.h */,
				49B078FE2015CC61008FCFDD /* vector.c */,
				49B078FF2015CC61008FCFDD /* quaternion.h */,
				49B079032015CC61008FCFDD /* quaternion.c */,
			);
			path = qmath;
			sourceTree = "<group>";
		};
		49B079042015CC61008FCFDD /* open */ = {
			isa = PBXGroup;
			children = (
				49B079062015CC61008FCFDD /* open_master.h */,
				49B0790A2015CC61008FCFDD /* open.hpp */,
				49B079092015CC61008FCFDD /* global_types.h */,
				49B079052015CC61008FCFDD /* unfisheye.cpp */,
				49B0790B2015CC61008FCFDD /* unfisheye.hpp */,
				49B079072015CC61008FCFDD /* image_utility.hpp */,
				49B079082015CC61008FCFDD /* image_utility.cpp */,
			);
			path = open;
			sourceTree = "<group>";
		};
		49F3DB1D2016F4110032AD5A /* environment */ = {
			isa = PBXGroup;
			children = (
				49F3DB272016F4110032AD5A /* environment_master.h */,
				49F3DB282016F4110032AD5A /* environment.hpp */,
				49F3DB1E2016F4110032AD5A /* environment.cpp */,
			);
			path = environment;
			sourceTree = "<group>";
		};
		49F3DB1F2016F4110032AD5A /* utilities */ = {
			isa = PBXGroup;
			children = (
				49F3DB252016F4110032AD5A /* utility_master.h */,
				49F3DB222016F4110032AD5A /* sercom_wrapper.hpp */,
				49F3DB232016F4110032AD5A /* sercom_wrapper.cpp */,
				49F3DB202016F4110032AD5A /* file_writer.hpp */,
				49F3DB262016F4110032AD5A /* file_writer.cpp */,
				49F3DB242016F4110032AD5A /* sercom.h */,
				49F3DB212016F4110032AD5A /* sercom.c */,
			);
			path = utilities;
			sourceTree = "<group>";
		};
/* End PBXGroup section */

/* Begin PBXNativeTarget section */
		4991FCAF1FBCFF9F0025EA57 /* combine_core */ = {
			isa = PBXNativeTarget;
			buildConfigurationList = 4991FCB71FBCFF9F0025EA57 /* Build configuration list for PBXNativeTarget "combine_core" */;
			buildPhases = (
				4991FCAC1FBCFF9F0025EA57 /* Sources */,
				4991FCAD1FBCFF9F0025EA57 /* Frameworks */,
				4991FCAE1FBCFF9F0025EA57 /* CopyFiles */,
			);
			buildRules = (
			);
			dependencies = (
			);
			name = combine_core;
			productName = combine_core;
			productReference = 4991FCB01FBCFF9F0025EA57 /* combine_core */;
			productType = "com.apple.product-type.tool";
		};
/* End PBXNativeTarget section */

/* Begin PBXProject section */
		4991FCA81FBCFF9F0025EA57 /* Project object */ = {
			isa = PBXProject;
			attributes = {
				LastUpgradeCheck = 0920;
				ORGANIZATIONNAME = Marbl;
				TargetAttributes = {
					4991FCAF1FBCFF9F0025EA57 = {
						CreatedOnToolsVersion = 8.3.3;
						DevelopmentTeam = RAUFW7M7KN;
						ProvisioningStyle = Automatic;
					};
				};
			};
			buildConfigurationList = 4991FCAB1FBCFF9F0025EA57 /* Build configuration list for PBXProject "combine_core" */;
			compatibilityVersion = "Xcode 3.2";
			developmentRegion = English;
			hasScannedForEncodings = 0;
			knownRegions = (
				en,
			);
			mainGroup = 4991FCA71FBCFF9F0025EA57;
			productRefGroup = 4991FCB11FBCFF9F0025EA57 /* Products */;
			projectDirPath = "";
			projectRoot = "";
			targets = (
				4991FCAF1FBCFF9F0025EA57 /* combine_core */,
			);
		};
/* End PBXProject section */

/* Begin PBXSourcesBuildPhase section */
		4991FCAC1FBCFF9F0025EA57 /* Sources */ = {
			isa = PBXSourcesBuildPhase;
			buildActionMask = 2147483647;
			files = (
				49B0790F2015CC61008FCFDD /* imu_wrapper.c in Sources */,
				49F3DB292016F4110032AD5A /* environment.cpp in Sources */,
				4991FD081FBD0F1A0025EA57 /* main.cpp in Sources */,
				49F3DB2A2016F4110032AD5A /* sercom.c in Sources */,
				49B079152015CC61008FCFDD /* image_utility.cpp in Sources */,
				49B079112015CC61008FCFDD /* vector.c in Sources */,
				49B079122015CC61008FCFDD /* point.c in Sources */,
				49B079142015CC61008FCFDD /* unfisheye.cpp in Sources */,
				49B079132015CC61008FCFDD /* quaternion.c in Sources */,
				49B0790E2015CC61008FCFDD /* kalman.c in Sources */,
				49F3DB2B2016F4110032AD5A /* sercom_wrapper.cpp in Sources */,
				49F3DB2C2016F4110032AD5A /* file_writer.cpp in Sources */,
				49B079102015CC61008FCFDD /* kinetic.c in Sources */,
				49B0790C2015CC61008FCFDD /* combine.cpp in Sources */,
				49B0790D2015CC61008FCFDD /* combine_utility.cpp in Sources */,
			);
			runOnlyForDeploymentPostprocessing = 0;
		};
/* End PBXSourcesBuildPhase section */

/* Begin XCBuildConfiguration section */
		4991FCB51FBCFF9F0025EA57 /* Debug */ = {
			isa = XCBuildConfiguration;
			buildSettings = {
				ALWAYS_SEARCH_USER_PATHS = NO;
				CLANG_ANALYZER_NONNULL = YES;
				CLANG_ANALYZER_NUMBER_OBJECT_CONVERSION = YES_AGGRESSIVE;
				CLANG_CXX_LANGUAGE_STANDARD = "gnu++0x";
				CLANG_CXX_LIBRARY = "libc++";
				CLANG_ENABLE_MODULES = YES;
				CLANG_ENABLE_OBJC_ARC = YES;
				CLANG_WARN_BLOCK_CAPTURE_AUTORELEASING = YES;
				CLANG_WARN_BOOL_CONVERSION = YES;
				CLANG_WARN_COMMA = YES;
				CLANG_WARN_CONSTANT_CONVERSION = YES;
				CLANG_WARN_DIRECT_OBJC_ISA_USAGE = YES_ERROR;
				CLANG_WARN_DOCUMENTATION_COMMENTS = YES;
				CLANG_WARN_EMPTY_BODY = YES;
				CLANG_WARN_ENUM_CONVERSION = YES;
				CLANG_WARN_INFINITE_RECURSION = YES;
				CLANG_WARN_INT_CONVERSION = YES;
				CLANG_WARN_NON_LITERAL_NULL_CONVERSION = YES;
				CLANG_WARN_OBJC_LITERAL_CONVERSION = YES;
				CLANG_WARN_OBJC_ROOT_CLASS = YES_ERROR;
				CLANG_WARN_RANGE_LOOP_ANALYSIS = YES;
				CLANG_WARN_STRICT_PROTOTYPES = YES;
				CLANG_WARN_SUSPICIOUS_MOVE = YES;
				CLANG_WARN_UNREACHABLE_CODE = YES;
				CLANG_WARN__DUPLICATE_METHOD_MATCH = YES;
				CODE_SIGN_IDENTITY = "-";
				COPY_PHASE_STRIP = NO;
				DEBUG_INFORMATION_FORMAT = dwarf;
				ENABLE_STRICT_OBJC_MSGSEND = YES;
				ENABLE_TESTABILITY = YES;
				GCC_C_LANGUAGE_STANDARD = gnu99;
				GCC_DYNAMIC_NO_PIC = NO;
				GCC_NO_COMMON_BLOCKS = YES;
				GCC_OPTIMIZATION_LEVEL = 0;
				GCC_PREPROCESSOR_DEFINITIONS = (
					"DEBUG=1",
					"$(inherited)",
				);
				GCC_WARN_64_TO_32_BIT_CONVERSION = YES;
				GCC_WARN_ABOUT_RETURN_TYPE = YES_ERROR;
				GCC_WARN_UNDECLARED_SELECTOR = YES;
				GCC_WARN_UNINITIALIZED_AUTOS = YES_AGGRESSIVE;
				GCC_WARN_UNUSED_FUNCTION = YES;
				GCC_WARN_UNUSED_VARIABLE = YES;
				MACOSX_DEPLOYMENT_TARGET = 10.12;
				MTL_ENABLE_DEBUG_INFO = YES;
				ONLY_ACTIVE_ARCH = YES;
				OTHER_LDFLAGS = "";
				SDKROOT = macosx;
			};
			name = Debug;
		};
		4991FCB61FBCFF9F0025EA57 /* Release */ = {
			isa = XCBuildConfiguration;
			buildSettings = {
				ALWAYS_SEARCH_USER_PATHS = NO;
				CLANG_ANALYZER_NONNULL = YES;
				CLANG_ANALYZER_NUMBER_OBJECT_CONVERSION = YES_AGGRESSIVE;
				CLANG_CXX_LANGUAGE_STANDARD = "gnu++0x";
				CLANG_CXX_LIBRARY = "libc++";
				CLANG_ENABLE_MODULES = YES;
				CLANG_ENABLE_OBJC_ARC = YES;
				CLANG_WARN_BLOCK_CAPTURE_AUTORELEASING = YES;
				CLANG_WARN_BOOL_CONVERSION = YES;
				CLANG_WARN_COMMA = YES;
				CLANG_WARN_CONSTANT_CONVERSION = YES;
				CLANG_WARN_DIRECT_OBJC_ISA_USAGE = YES_ERROR;
				CLANG_WARN_DOCUMENTATION_COMMENTS = YES;
				CLANG_WARN_EMPTY_BODY = YES;
				CLANG_WARN_ENUM_CONVERSION = YES;
				CLANG_WARN_INFINITE_RECURSION = YES;
				CLANG_WARN_INT_CONVERSION = YES;
				CLANG_WARN_NON_LITERAL_NULL_CONVERSION = YES;
				CLANG_WARN_OBJC_LITERAL_CONVERSION = YES;
				CLANG_WARN_OBJC_ROOT_CLASS = YES_ERROR;
				CLANG_WARN_RANGE_LOOP_ANALYSIS = YES;
				CLANG_WARN_STRICT_PROTOTYPES = YES;
				CLANG_WARN_SUSPICIOUS_MOVE = YES;
				CLANG_WARN_UNREACHABLE_CODE = YES;
				CLANG_WARN__DUPLICATE_METHOD_MATCH = YES;
				CODE_SIGN_IDENTITY = "-";
				COPY_PHASE_STRIP = NO;
				DEBUG_INFORMATION_FORMAT = "dwarf-with-dsym";
				ENABLE_NS_ASSERTIONS = NO;
				ENABLE_STRICT_OBJC_MSGSEND = YES;
				GCC_C_LANGUAGE_STANDARD = gnu99;
				GCC_NO_COMMON_BLOCKS = YES;
				GCC_WARN_64_TO_32_BIT_CONVERSION = YES;
				GCC_WARN_ABOUT_RETURN_TYPE = YES_ERROR;
				GCC_WARN_UNDECLARED_SELECTOR = YES;
				GCC_WARN_UNINITIALIZED_AUTOS = YES_AGGRESSIVE;
				GCC_WARN_UNUSED_FUNCTION = YES;
				GCC_WARN_UNUSED_VARIABLE = YES;
				MACOSX_DEPLOYMENT_TARGET = 10.12;
				MTL_ENABLE_DEBUG_INFO = NO;
				OTHER_LDFLAGS = "";
				SDKROOT = macosx;
			};
			name = Release;
		};
		4991FCB81FBCFF9F0025EA57 /* Debug */ = {
			isa = XCBuildConfiguration;
			buildSettings = {
				DEVELOPMENT_TEAM = RAUFW7M7KN;
				HEADER_SEARCH_PATHS = (
					"/usr/local/Cellar/opencv3/**",
					"$(PROJECT_DIR)/combine_core/kinetic/qmath",
				);
				LIBRARY_SEARCH_PATHS = (
					"/usr/local/Cellar/opencv3/**",
					"$(PROJECT_DIR)/combine_core/kinetic/qmath",
				);
				OTHER_LDFLAGS = (
					"-I/usr/local/Cellar/opencv/3.3.0_3/include/opencv",
					"-I/usr/local/Cellar/opencv/3.3.0_3/include",
					"-L/usr/local/Cellar/opencv/3.3.0_3/lib",
					"-lopencv_stitching",
					"-lopencv_superres",
					"-lopencv_videostab",
					"-lopencv_photo",
					"-lopencv_aruco",
					"-lopencv_bgsegm",
					"-lopencv_bioinspired",
					"-lopencv_ccalib",
					"-lopencv_dpm",
					"-lopencv_face",
					"-lopencv_fuzzy",
					"-lopencv_img_hash",
					"-lopencv_line_descriptor",
					"-lopencv_optflow",
					"-lopencv_reg",
					"-lopencv_rgbd",
					"-lopencv_saliency",
					"-lopencv_stereo",
					"-lopencv_structured_light",
					"-lopencv_phase_unwrapping",
					"-lopencv_surface_matching",
					"-lopencv_tracking",
					"-lopencv_datasets",
					"-lopencv_text",
					"-lopencv_dnn",
					"-lopencv_plot",
					"-lopencv_ml",
					"-lopencv_xfeatures2d",
					"-lopencv_shape",
					"-lopencv_video",
					"-lopencv_ximgproc",
					"-lopencv_calib3d",
					"-lopencv_features2d",
					"-lopencv_highgui",
					"-lopencv_videoio",
					"-lopencv_flann",
					"-lopencv_xobjdetect",
					"-lopencv_imgcodecs",
					"-lopencv_objdetect",
					"-lopencv_xphoto",
					"-lopencv_imgproc",
					"-lopencv_core",
					"-lpthread",
				);
				PRODUCT_NAME = "$(TARGET_NAME)";
			};
			name = Debug;
		};
		4991FCB91FBCFF9F0025EA57 /* Release */ = {
			isa = XCBuildConfiguration;
			buildSettings = {
				DEVELOPMENT_TEAM = RAUFW7M7KN;
				HEADER_SEARCH_PATHS = (
					"/usr/local/Cellar/opencv3/**",
					"$(PROJECT_DIR)/combine_core/kinetic/qmath",
				);
				LIBRARY_SEARCH_PATHS = (
					"/usr/local/Cellar/opencv3/**",
					"$(PROJECT_DIR)/combine_core/kinetic/qmath",
				);
				OTHER_LDFLAGS = (
					"-I/usr/local/Cellar/opencv/3.3.0_3/include/opencv",
					"-I/usr/local/Cellar/opencv/3.3.0_3/include",
					"-L/usr/local/Cellar/opencv/3.3.0_3/lib",
					"-lopencv_stitching",
					"-lopencv_superres",
					"-lopencv_videostab",
					"-lopencv_photo",
					"-lopencv_aruco",
					"-lopencv_bgsegm",
					"-lopencv_bioinspired",
					"-lopencv_ccalib",
					"-lopencv_dpm",
					"-lopencv_face",
					"-lopencv_fuzzy",
					"-lopencv_img_hash",
					"-lopencv_line_descriptor",
					"-lopencv_optflow",
					"-lopencv_reg",
					"-lopencv_rgbd",
					"-lopencv_saliency",
					"-lopencv_stereo",
					"-lopencv_structured_light",
					"-lopencv_phase_unwrapping",
					"-lopencv_surface_matching",
					"-lopencv_tracking",
					"-lopencv_datasets",
					"-lopencv_text",
					"-lopencv_dnn",
					"-lopencv_plot",
					"-lopencv_ml",
					"-lopencv_xfeatures2d",
					"-lopencv_shape",
					"-lopencv_video",
					"-lopencv_ximgproc",
					"-lopencv_calib3d",
					"-lopencv_features2d",
					"-lopencv_highgui",
					"-lopencv_videoio",
					"-lopencv_flann",
					"-lopencv_xobjdetect",
					"-lopencv_imgcodecs",
					"-lopencv_objdetect",
					"-lopencv_xphoto",
					"-lopencv_imgproc",
					"-lopencv_core",
					"-lpthread",
				);
				PRODUCT_NAME = "$(TARGET_NAME)";
			};
			name = Release;
		};
/* End XCBuildConfiguration section */

/* Begin XCConfigurationList section */
		4991FCAB1FBCFF9F0025EA57 /* Build configuration list for PBXProject "combine_core" */ = {
			isa = XCConfigurationList;
			buildConfigurations = (
				4991FCB51FBCFF9F0025EA57 /* Debug */,
				4991FCB61FBCFF9F0025EA57 /* Release */,
			);
			defaultConfigurationIsVisible = 0;
			defaultConfigurationName = Release;
		};
		4991FCB71FBCFF9F0025EA57 /* Build configuration list for PBXNativeTarget "combine_core" */ = {
			isa = XCConfigurationList;
			buildConfigurations = (
				4991FCB81FBCFF9F0025EA57 /* Debug */,
				4991FCB91FBCFF9F0025EA57 /* Release */,
			);
			defaultConfigurationIsVisible = 0;
			defaultConfigurationName = Release;
		};
/* End XCConfigurationList section */
	};
	rootObject = 4991FCA81FBCFF9F0025EA57 /* Project object */;
}
